// !$*UTF8*$!
{
	archiveVersion = 1;
	classes = {
	};
	objectVersion = 51;
	objects = {

/* Begin PBXBuildFile section */
		043EAC3922E9B0C6004F5594 /* AppDelegate.swift in Sources */ = {isa = PBXBuildFile; fileRef = 043EAC3822E9B0C6004F5594 /* AppDelegate.swift */; };
		043EAC3B22E9B0C6004F5594 /* ViewController.swift in Sources */ = {isa = PBXBuildFile; fileRef = 043EAC3A22E9B0C6004F5594 /* ViewController.swift */; };
		043EAC3E22E9B0C6004F5594 /* Main.storyboard in Resources */ = {isa = PBXBuildFile; fileRef = 043EAC3C22E9B0C6004F5594 /* Main.storyboard */; };
		043EAC4022E9B0C8004F5594 /* Assets.xcassets in Resources */ = {isa = PBXBuildFile; fileRef = 043EAC3F22E9B0C8004F5594 /* Assets.xcassets */; };
		043EAC4322E9B0C8004F5594 /* LaunchScreen.storyboard in Resources */ = {isa = PBXBuildFile; fileRef = 043EAC4122E9B0C8004F5594 /* LaunchScreen.storyboard */; };
		043EAC4C22E9B131004F5594 /* BaseCodeAPI.framework in Frameworks */ = {isa = PBXBuildFile; fileRef = 043EAC4B22E9B131004F5594 /* BaseCodeAPI.framework */; };
		043EAC4F22E9B289004F5594 /* AppAssembler.swift in Sources */ = {isa = PBXBuildFile; fileRef = 043EAC4E22E9B289004F5594 /* AppAssembler.swift */; };
		043EAC5122E9B2D2004F5594 /* PresentationAssembly.swift in Sources */ = {isa = PBXBuildFile; fileRef = 043EAC5022E9B2D2004F5594 /* PresentationAssembly.swift */; };
		043EAC5522E9B458004F5594 /* MainPresenter.swift in Sources */ = {isa = PBXBuildFile; fileRef = 043EAC5422E9B458004F5594 /* MainPresenter.swift */; };
		043EAC5722E9B49F004F5594 /* BaseView.swift in Sources */ = {isa = PBXBuildFile; fileRef = 043EAC5622E9B49F004F5594 /* BaseView.swift */; };
		043EAC5822E9BB54004F5594 /* BaseCodeAPI.framework in Frameworks */ = {isa = PBXBuildFile; fileRef = 043EAC4B22E9B131004F5594 /* BaseCodeAPI.framework */; };
		043EAC5922E9BB54004F5594 /* BaseCodeAPI.framework in Embed Frameworks */ = {isa = PBXBuildFile; fileRef = 043EAC4B22E9B131004F5594 /* BaseCodeAPI.framework */; settings = {ATTRIBUTES = (CodeSignOnCopy, RemoveHeadersOnCopy, ); }; };
		046FC8AA22FBE99E00C1C805 /* SQLiteHelpers.swift in Sources */ = {isa = PBXBuildFile; fileRef = 046FC8A922FBE99E00C1C805 /* SQLiteHelpers.swift */; };
		046FC8AD22FD408800C1C805 /* CategoryRModel.swift in Sources */ = {isa = PBXBuildFile; fileRef = 046FC8AC22FD408800C1C805 /* CategoryRModel.swift */; };
		046FC8CB2302564400C1C805 /* QRScanning.storyboard in Resources */ = {isa = PBXBuildFile; fileRef = 046FC8CA2302564400C1C805 /* QRScanning.storyboard */; };
		046FC8CD2302565600C1C805 /* QRScanningViewController.swift in Sources */ = {isa = PBXBuildFile; fileRef = 046FC8CC2302565600C1C805 /* QRScanningViewController.swift */; };
		046FC8D62302610F00C1C805 /* MVisaQRParser.framework in Frameworks */ = {isa = PBXBuildFile; fileRef = EE3FA2E623015F1A004400A6 /* MVisaQRParser.framework */; };
		046FC8D72302610F00C1C805 /* MVisaQRParser.framework in Embed Frameworks */ = {isa = PBXBuildFile; fileRef = EE3FA2E623015F1A004400A6 /* MVisaQRParser.framework */; settings = {ATTRIBUTES = (CodeSignOnCopy, RemoveHeadersOnCopy, ); }; };
		046FC8ED230394F600C1C805 /* QRScannerView.xib in Resources */ = {isa = PBXBuildFile; fileRef = 046FC8EC230394F600C1C805 /* QRScannerView.xib */; };
		046FC8EF2303950F00C1C805 /* QRScannerView.swift in Sources */ = {isa = PBXBuildFile; fileRef = 046FC8EE2303950F00C1C805 /* QRScannerView.swift */; };
		046FC8FB2303BF4E00C1C805 /* UIView+.swift in Sources */ = {isa = PBXBuildFile; fileRef = 046FC8FA2303BF4E00C1C805 /* UIView+.swift */; };
		046FC9032304F85400C1C805 /* SalesGraph.storyboard in Resources */ = {isa = PBXBuildFile; fileRef = 046FC9022304F85400C1C805 /* SalesGraph.storyboard */; };
		046FC908230505AB00C1C805 /* MyBarGraph.xib in Resources */ = {isa = PBXBuildFile; fileRef = 046FC907230505AB00C1C805 /* MyBarGraph.xib */; };
		046FC90A230505F800C1C805 /* MyBarGraph.swift in Sources */ = {isa = PBXBuildFile; fileRef = 046FC909230505F800C1C805 /* MyBarGraph.swift */; };
		046FC90C2305064E00C1C805 /* MyBarGraphViewModel.swift in Sources */ = {isa = PBXBuildFile; fileRef = 046FC90B2305064E00C1C805 /* MyBarGraphViewModel.swift */; };
		046FC90E2305126200C1C805 /* SalesGraphVCView.swift in Sources */ = {isa = PBXBuildFile; fileRef = 046FC90D2305126200C1C805 /* SalesGraphVCView.swift */; };
		046FC9132306426000C1C805 /* TransactionList.storyboard in Resources */ = {isa = PBXBuildFile; fileRef = 046FC9122306426000C1C805 /* TransactionList.storyboard */; };
		046FC915230642A100C1C805 /* TransactionListVC.swift in Sources */ = {isa = PBXBuildFile; fileRef = 046FC914230642A100C1C805 /* TransactionListVC.swift */; };
		046FC9182306449100C1C805 /* TogglabbleOptions.xib in Resources */ = {isa = PBXBuildFile; fileRef = 046FC9172306449100C1C805 /* TogglabbleOptions.xib */; };
		046FC91A230644A700C1C805 /* TogglabbleOptions.swift in Sources */ = {isa = PBXBuildFile; fileRef = 046FC919230644A700C1C805 /* TogglabbleOptions.swift */; };
		046FC91C2306472200C1C805 /* TogglabbleOptionsVM.swift in Sources */ = {isa = PBXBuildFile; fileRef = 046FC91B2306472200C1C805 /* TogglabbleOptionsVM.swift */; };
		04B231C322F124D5002824F4 /* LoginVViewController.swift in Sources */ = {isa = PBXBuildFile; fileRef = 04B231C222F124D5002824F4 /* LoginVViewController.swift */; };
		04B231C522F124F3002824F4 /* Login.storyboard in Resources */ = {isa = PBXBuildFile; fileRef = 04B231C422F124F3002824F4 /* Login.storyboard */; };
		04B231C722F12521002824F4 /* ForgotPasswordViewController.swift in Sources */ = {isa = PBXBuildFile; fileRef = 04B231C622F12521002824F4 /* ForgotPasswordViewController.swift */; };
		04B231CA22F12A79002824F4 /* Dashboard.storyboard in Resources */ = {isa = PBXBuildFile; fileRef = 04B231C922F12A79002824F4 /* Dashboard.storyboard */; };
		04B231CF22F12C20002824F4 /* YoutubeCollectionViewCell.swift in Sources */ = {isa = PBXBuildFile; fileRef = 04B231CE22F12C20002824F4 /* YoutubeCollectionViewCell.swift */; };
		04B231D122F12C33002824F4 /* YoutubeCell.xib in Resources */ = {isa = PBXBuildFile; fileRef = 04B231D022F12C33002824F4 /* YoutubeCell.xib */; };
		04B231D322F13200002824F4 /* HomeViewController.swift in Sources */ = {isa = PBXBuildFile; fileRef = 04B231D222F13200002824F4 /* HomeViewController.swift */; };
		04B231D622F1349C002824F4 /* VideosModel.swift in Sources */ = {isa = PBXBuildFile; fileRef = 04B231D522F1349C002824F4 /* VideosModel.swift */; };
		04B231DA22F13651002824F4 /* UICollectionView+.swift in Sources */ = {isa = PBXBuildFile; fileRef = 04B231D922F13651002824F4 /* UICollectionView+.swift */; };
		04B231DD22F1625A002824F4 /* YoutubeCell1.xib in Resources */ = {isa = PBXBuildFile; fileRef = 04B231DC22F1625A002824F4 /* YoutubeCell1.xib */; };
		04B231DF22F16290002824F4 /* YoutubeCell1.swift in Sources */ = {isa = PBXBuildFile; fileRef = 04B231DE22F16290002824F4 /* YoutubeCell1.swift */; };
		04B231E222F1656F002824F4 /* ToWatchViewController.swift in Sources */ = {isa = PBXBuildFile; fileRef = 04B231E122F1656F002824F4 /* ToWatchViewController.swift */; };
		04B231E422F166A8002824F4 /* UITableView+.swift in Sources */ = {isa = PBXBuildFile; fileRef = 04B231E322F166A8002824F4 /* UITableView+.swift */; };
		04B231E622F1682F002824F4 /* String+.swift in Sources */ = {isa = PBXBuildFile; fileRef = 04B231E522F1682F002824F4 /* String+.swift */; };
		04B231F222F19210002824F4 /* UserModel.swift in Sources */ = {isa = PBXBuildFile; fileRef = 04B231F122F19210002824F4 /* UserModel.swift */; };
		04B231F422F19A30002824F4 /* CoreDataHelpers.swift in Sources */ = {isa = PBXBuildFile; fileRef = 04B231F322F19A30002824F4 /* CoreDataHelpers.swift */; };
		04B231F622F19A3E002824F4 /* RealmHelpers.swift in Sources */ = {isa = PBXBuildFile; fileRef = 04B231F522F19A3E002824F4 /* RealmHelpers.swift */; };
		04B231F822F19A48002824F4 /* UserDefaultsHelpers.swift in Sources */ = {isa = PBXBuildFile; fileRef = 04B231F722F19A48002824F4 /* UserDefaultsHelpers.swift */; };
		04B231FA22F19A5B002824F4 /* KeychainHelpers.swift in Sources */ = {isa = PBXBuildFile; fileRef = 04B231F922F19A5B002824F4 /* KeychainHelpers.swift */; };
		04B2320022F2D07B002824F4 /* AlamofireHelper.swift in Sources */ = {isa = PBXBuildFile; fileRef = 04B231FF22F2D07B002824F4 /* AlamofireHelper.swift */; };
		04FDC7FD230669710038CCFE /* CalendarPicker.xib in Resources */ = {isa = PBXBuildFile; fileRef = 04FDC7FC230669710038CCFE /* CalendarPicker.xib */; };
		04FDC7FF230669950038CCFE /* CalendarPicker.swift in Sources */ = {isa = PBXBuildFile; fileRef = 04FDC7FE230669950038CCFE /* CalendarPicker.swift */; };
		04FDC8012306845F0038CCFE /* CalendarPickerVM.swift in Sources */ = {isa = PBXBuildFile; fileRef = 04FDC8002306845F0038CCFE /* CalendarPickerVM.swift */; };
		04FDC804230692BC0038CCFE /* OverViewTransactionList.xib in Resources */ = {isa = PBXBuildFile; fileRef = 04FDC803230692BC0038CCFE /* OverViewTransactionList.xib */; };
		04FDC8062306941C0038CCFE /* OverViewTransactionList.swift in Sources */ = {isa = PBXBuildFile; fileRef = 04FDC8052306941C0038CCFE /* OverViewTransactionList.swift */; };
		04FDC8082306951A0038CCFE /* OverviewTransactionListVM.swift in Sources */ = {isa = PBXBuildFile; fileRef = 04FDC8072306951A0038CCFE /* OverviewTransactionListVM.swift */; };
		04FDC80A2306976D0038CCFE /* TransactionCell1VM.swift in Sources */ = {isa = PBXBuildFile; fileRef = 04FDC8092306976D0038CCFE /* TransactionCell1VM.swift */; };
		04FDC80C230699CE0038CCFE /* TransactionListDisplayVC.swift in Sources */ = {isa = PBXBuildFile; fileRef = 04FDC80B230699CE0038CCFE /* TransactionListDisplayVC.swift */; };
		04FDC80F2306BD590038CCFE /* TransactionList.xib in Resources */ = {isa = PBXBuildFile; fileRef = 04FDC80E2306BD590038CCFE /* TransactionList.xib */; };
		04FDC8112306BD6A0038CCFE /* TransactionList.swift in Sources */ = {isa = PBXBuildFile; fileRef = 04FDC8102306BD6A0038CCFE /* TransactionList.swift */; };
		04FDC813230A2D0B0038CCFE /* TransactionListVM.swift in Sources */ = {isa = PBXBuildFile; fileRef = 04FDC812230A2D0B0038CCFE /* TransactionListVM.swift */; };
		04FDC815230A3D840038CCFE /* AllTransactionListVC.swift in Sources */ = {isa = PBXBuildFile; fileRef = 04FDC814230A3D840038CCFE /* AllTransactionListVC.swift */; };
		04FDC81A230A7B960038CCFE /* SelectLanguage.xib in Resources */ = {isa = PBXBuildFile; fileRef = 04FDC819230A7B960038CCFE /* SelectLanguage.xib */; };
		04FDC81C230A7BCD0038CCFE /* SelectLanguage.swift in Sources */ = {isa = PBXBuildFile; fileRef = 04FDC81B230A7BCD0038CCFE /* SelectLanguage.swift */; };
		04FDC81E230A7C880038CCFE /* SelectLanguageVM.swift in Sources */ = {isa = PBXBuildFile; fileRef = 04FDC81D230A7C880038CCFE /* SelectLanguageVM.swift */; };
		04FDC823230A7D900038CCFE /* SelectLanguageCell1.xib in Resources */ = {isa = PBXBuildFile; fileRef = 04FDC822230A7D900038CCFE /* SelectLanguageCell1.xib */; };
		04FDC827230A7E8C0038CCFE /* SelectLanguageCell1.swift in Sources */ = {isa = PBXBuildFile; fileRef = 04FDC826230A7E8C0038CCFE /* SelectLanguageCell1.swift */; };
		04FDC829230A7F460038CCFE /* SelectLanguageCell1VM.swift in Sources */ = {isa = PBXBuildFile; fileRef = 04FDC828230A7F460038CCFE /* SelectLanguageCell1VM.swift */; };
		04FDC82C230A99400038CCFE /* SelectLanguage.storyboard in Resources */ = {isa = PBXBuildFile; fileRef = 04FDC82B230A99400038CCFE /* SelectLanguage.storyboard */; };
		04FDC82E230A998B0038CCFE /* SelectLanguageVC.swift in Sources */ = {isa = PBXBuildFile; fileRef = 04FDC82D230A998B0038CCFE /* SelectLanguageVC.swift */; };
		04FDC85F230B9FF70038CCFE /* API.swift in Sources */ = {isa = PBXBuildFile; fileRef = 04FDC85E230B9FF70038CCFE /* API.swift */; };
		04FDC862230BA15B0038CCFE /* CLAppVersionRepo.swift in Sources */ = {isa = PBXBuildFile; fileRef = 04FDC861230BA15B0038CCFE /* CLAppVersionRepo.swift */; };
		04FDC865230BA2F60038CCFE /* CLAppVersion.swift in Sources */ = {isa = PBXBuildFile; fileRef = 04FDC864230BA2F60038CCFE /* CLAppVersion.swift */; };
		04FDC867230BA3650038CCFE /* CLLJLocalization.swift in Sources */ = {isa = PBXBuildFile; fileRef = 04FDC866230BA3650038CCFE /* CLLJLocalization.swift */; };
		04FDC86A230BA4E90038CCFE /* Observable+.swift in Sources */ = {isa = PBXBuildFile; fileRef = 04FDC869230BA4E90038CCFE /* Observable+.swift */; };
		04FDC86C230BA7A10038CCFE /* CLLocalizationRepo.swift in Sources */ = {isa = PBXBuildFile; fileRef = 04FDC86B230BA7A10038CCFE /* CLLocalizationRepo.swift */; };
		04FDC86F230BA8C90038CCFE /* CLUtility.swift in Sources */ = {isa = PBXBuildFile; fileRef = 04FDC86E230BA8C90038CCFE /* CLUtility.swift */; };
		04FDC871230BAB1B0038CCFE /* CLUserDefaults.swift in Sources */ = {isa = PBXBuildFile; fileRef = 04FDC870230BAB1B0038CCFE /* CLUserDefaults.swift */; };
		04FDC873230BBB910038CCFE /* MainCLLLocalizationLJ.swift in Sources */ = {isa = PBXBuildFile; fileRef = 04FDC872230BBB910038CCFE /* MainCLLLocalizationLJ.swift */; };
		04FDC876230BBEE50038CCFE /* RestLocalization.storyboard in Resources */ = {isa = PBXBuildFile; fileRef = 04FDC875230BBEE50038CCFE /* RestLocalization.storyboard */; };
		04FDC878230BBF050038CCFE /* RestLocalizationVC.swift in Sources */ = {isa = PBXBuildFile; fileRef = 04FDC877230BBF050038CCFE /* RestLocalizationVC.swift */; };
		04FDC87D230BC3B40038CCFE /* CLLRealmLJ.swift in Sources */ = {isa = PBXBuildFile; fileRef = 04FDC87C230BC3B40038CCFE /* CLLRealmLJ.swift */; };
		04FDC8DC230E60B10038CCFE /* QRSDKHelper.framework in Frameworks */ = {isa = PBXBuildFile; fileRef = 04FDC8DB230E60B10038CCFE /* QRSDKHelper.framework */; };
		04FDC8DF230E60F50038CCFE /* QRGenerator.storyboard in Resources */ = {isa = PBXBuildFile; fileRef = 04FDC8DE230E60F50038CCFE /* QRGenerator.storyboard */; };
		04FDC8E1230E61280038CCFE /* QRGeneratorVC.swift in Sources */ = {isa = PBXBuildFile; fileRef = 04FDC8E0230E61280038CCFE /* QRGeneratorVC.swift */; };
		04FDC8E4230E68A50038CCFE /* Encryptor.swift in Sources */ = {isa = PBXBuildFile; fileRef = 04FDC8E3230E68A50038CCFE /* Encryptor.swift */; };
		04FDC8EB230E74CC0038CCFE /* QRSDKHelper.framework in Frameworks */ = {isa = PBXBuildFile; fileRef = 04FDC8DB230E60B10038CCFE /* QRSDKHelper.framework */; };
		04FDC8EC230E74CC0038CCFE /* QRSDKHelper.framework in Embed Frameworks */ = {isa = PBXBuildFile; fileRef = 04FDC8DB230E60B10038CCFE /* QRSDKHelper.framework */; settings = {ATTRIBUTES = (CodeSignOnCopy, RemoveHeadersOnCopy, ); }; };
		2F07E123151F195F527DCC9C /* Pods_testProject.framework in Frameworks */ = {isa = PBXBuildFile; fileRef = BF8F796D578F90B34199A3BE /* Pods_testProject.framework */; };
		EE08A7FE230CF4F700AAB09E /* ScannerPassport.storyboard in Resources */ = {isa = PBXBuildFile; fileRef = EE08A7FD230CF4F700AAB09E /* ScannerPassport.storyboard */; };
		EE08A800230CF50A00AAB09E /* ScannerPassportVC.swift in Sources */ = {isa = PBXBuildFile; fileRef = EE08A7FF230CF50A00AAB09E /* ScannerPassportVC.swift */; };
		EE08A803230D16B900AAB09E /* CameraComponent.xib in Resources */ = {isa = PBXBuildFile; fileRef = EE08A802230D16B900AAB09E /* CameraComponent.xib */; };
		EE08A805230D16E300AAB09E /* CameraComponent.swift in Sources */ = {isa = PBXBuildFile; fileRef = EE08A804230D16E300AAB09E /* CameraComponent.swift */; };
		EE08A809230D1A8C00AAB09E /* LJPassportScanner.xib in Resources */ = {isa = PBXBuildFile; fileRef = EE08A808230D1A8C00AAB09E /* LJPassportScanner.xib */; };
		EE08A80B230D1A9A00AAB09E /* LJPassportScanner.swift in Sources */ = {isa = PBXBuildFile; fileRef = EE08A80A230D1A9A00AAB09E /* LJPassportScanner.swift */; };
		EE08A814230D2A9D00AAB09E /* tessdata in Resources */ = {isa = PBXBuildFile; fileRef = EE08A813230D2A9D00AAB09E /* tessdata */; };
		EE08A825230F055500AAB09E /* private.pem in Resources */ = {isa = PBXBuildFile; fileRef = EE08A823230F055500AAB09E /* private.pem */; };
		EE08A826230F055500AAB09E /* public.pem in Resources */ = {isa = PBXBuildFile; fileRef = EE08A824230F055500AAB09E /* public.pem */; };
		EE08A8412310DBE300AAB09E /* LJQRGenerator.swift in Sources */ = {isa = PBXBuildFile; fileRef = EE08A8402310DBE300AAB09E /* LJQRGenerator.swift */; };
		EE08A84A2311808700AAB09E /* LJQRGeneratorAPI.swift in Sources */ = {isa = PBXBuildFile; fileRef = EE08A8492311808700AAB09E /* LJQRGeneratorAPI.swift */; };
		EE08A84C2311815E00AAB09E /* LJQRGeneratorRepo.swift in Sources */ = {isa = PBXBuildFile; fileRef = EE08A84B2311815E00AAB09E /* LJQRGeneratorRepo.swift */; };
		EE08A8662315332300AAB09E /* TouchID.swift in Sources */ = {isa = PBXBuildFile; fileRef = EE08A8652315332300AAB09E /* TouchID.swift */; };
		EE08A8692315353E00AAB09E /* TouchID.storyboard in Resources */ = {isa = PBXBuildFile; fileRef = EE08A8682315353E00AAB09E /* TouchID.storyboard */; };
		EE08A86B2315354C00AAB09E /* TouchIDVC.swift in Sources */ = {isa = PBXBuildFile; fileRef = EE08A86A2315354C00AAB09E /* TouchIDVC.swift */; };
		EE3FA2C522FAE41D004400A6 /* TransactionCell1.xib in Resources */ = {isa = PBXBuildFile; fileRef = EE3FA2C422FAE41D004400A6 /* TransactionCell1.xib */; };
		EE3FA2C722FAE68C004400A6 /* TransactionCell1.swift in Sources */ = {isa = PBXBuildFile; fileRef = EE3FA2C622FAE68C004400A6 /* TransactionCell1.swift */; };
		EE3FA2CB22FB1D40004400A6 /* OptionRadioCell1.swift in Sources */ = {isa = PBXBuildFile; fileRef = EE3FA2CA22FB1D40004400A6 /* OptionRadioCell1.swift */; };
		EE3FA2CD22FB1D4E004400A6 /* OptionRadioCell1.xib in Resources */ = {isa = PBXBuildFile; fileRef = EE3FA2CC22FB1D4E004400A6 /* OptionRadioCell1.xib */; };
		EE3FA2D022FFC33C004400A6 /* AdsCell1.xib in Resources */ = {isa = PBXBuildFile; fileRef = EE3FA2CF22FFC33C004400A6 /* AdsCell1.xib */; };
		EE3FA2D222FFC34B004400A6 /* AdsCell1.swift in Sources */ = {isa = PBXBuildFile; fileRef = EE3FA2D122FFC34B004400A6 /* AdsCell1.swift */; };
		EE3FA2D523012CEF004400A6 /* Constants.swift in Sources */ = {isa = PBXBuildFile; fileRef = EE3FA2D423012CEF004400A6 /* Constants.swift */; };
		EE3FA2D823012D28004400A6 /* StripeIntegration.swift in Sources */ = {isa = PBXBuildFile; fileRef = EE3FA2D723012D28004400A6 /* StripeIntegration.swift */; };
		EE3FA2DD23013842004400A6 /* QRScannerHelper.swift in Sources */ = {isa = PBXBuildFile; fileRef = EE3FA2DC23013842004400A6 /* QRScannerHelper.swift */; };
		EE3FA2E723015F1A004400A6 /* MVisaQRParser.framework in Frameworks */ = {isa = PBXBuildFile; fileRef = EE3FA2E623015F1A004400A6 /* MVisaQRParser.framework */; };
		EE3FA2E9230233CB004400A6 /* PushNotificationHelpers.swift in Sources */ = {isa = PBXBuildFile; fileRef = EE3FA2E8230233CB004400A6 /* PushNotificationHelpers.swift */; };
		EE42E8DD22F2467B00C469CC /* CoreDataEntity.xcdatamodeld in Sources */ = {isa = PBXBuildFile; fileRef = EE42E8DB22F2467B00C469CC /* CoreDataEntity.xcdatamodeld */; };
		EE42E8DF22F2491B00C469CC /* DashboardViewPresenter.swift in Sources */ = {isa = PBXBuildFile; fileRef = EE42E8DE22F2491B00C469CC /* DashboardViewPresenter.swift */; };
		EE42E8E922F38E2900C469CC /* Notes.txt in Resources */ = {isa = PBXBuildFile; fileRef = EE42E8E822F38E2900C469CC /* Notes.txt */; };
/* End PBXBuildFile section */

/* Begin PBXCopyFilesBuildPhase section */
		043EAC5A22E9BB55004F5594 /* Embed Frameworks */ = {
			isa = PBXCopyFilesBuildPhase;
			buildActionMask = 2147483647;
			dstPath = "";
			dstSubfolderSpec = 10;
			files = (
				043EAC5922E9BB54004F5594 /* BaseCodeAPI.framework in Embed Frameworks */,
				04FDC8EC230E74CC0038CCFE /* QRSDKHelper.framework in Embed Frameworks */,
				046FC8D72302610F00C1C805 /* MVisaQRParser.framework in Embed Frameworks */,
			);
			name = "Embed Frameworks";
			runOnlyForDeploymentPostprocessing = 0;
		};
/* End PBXCopyFilesBuildPhase section */

/* Begin PBXFileReference section */
		0225353375756B026A1B58D3 /* Pods-testProject.release.xcconfig */ = {isa = PBXFileReference; includeInIndex = 1; lastKnownFileType = text.xcconfig; name = "Pods-testProject.release.xcconfig"; path = "Target Support Files/Pods-testProject/Pods-testProject.release.xcconfig"; sourceTree = "<group>"; };
		043EAC3522E9B0C6004F5594 /* testProject.app */ = {isa = PBXFileReference; explicitFileType = wrapper.application; includeInIndex = 0; path = testProject.app; sourceTree = BUILT_PRODUCTS_DIR; };
		043EAC3822E9B0C6004F5594 /* AppDelegate.swift */ = {isa = PBXFileReference; lastKnownFileType = sourcecode.swift; path = AppDelegate.swift; sourceTree = "<group>"; };
		043EAC3A22E9B0C6004F5594 /* ViewController.swift */ = {isa = PBXFileReference; lastKnownFileType = sourcecode.swift; path = ViewController.swift; sourceTree = "<group>"; };
		043EAC3D22E9B0C6004F5594 /* Base */ = {isa = PBXFileReference; lastKnownFileType = file.storyboard; name = Base; path = Base.lproj/Main.storyboard; sourceTree = "<group>"; };
		043EAC3F22E9B0C8004F5594 /* Assets.xcassets */ = {isa = PBXFileReference; lastKnownFileType = folder.assetcatalog; path = Assets.xcassets; sourceTree = "<group>"; };
		043EAC4222E9B0C8004F5594 /* Base */ = {isa = PBXFileReference; lastKnownFileType = file.storyboard; name = Base; path = Base.lproj/LaunchScreen.storyboard; sourceTree = "<group>"; };
		043EAC4422E9B0C8004F5594 /* Info.plist */ = {isa = PBXFileReference; lastKnownFileType = text.plist.xml; path = Info.plist; sourceTree = "<group>"; };
		043EAC4B22E9B131004F5594 /* BaseCodeAPI.framework */ = {isa = PBXFileReference; lastKnownFileType = wrapper.framework; path = BaseCodeAPI.framework; sourceTree = "<group>"; };
		043EAC4E22E9B289004F5594 /* AppAssembler.swift */ = {isa = PBXFileReference; lastKnownFileType = sourcecode.swift; path = AppAssembler.swift; sourceTree = "<group>"; };
		043EAC5022E9B2D2004F5594 /* PresentationAssembly.swift */ = {isa = PBXFileReference; lastKnownFileType = sourcecode.swift; path = PresentationAssembly.swift; sourceTree = "<group>"; };
		043EAC5422E9B458004F5594 /* MainPresenter.swift */ = {isa = PBXFileReference; lastKnownFileType = sourcecode.swift; path = MainPresenter.swift; sourceTree = "<group>"; };
		043EAC5622E9B49F004F5594 /* BaseView.swift */ = {isa = PBXFileReference; lastKnownFileType = sourcecode.swift; path = BaseView.swift; sourceTree = "<group>"; };
		046FC8A922FBE99E00C1C805 /* SQLiteHelpers.swift */ = {isa = PBXFileReference; lastKnownFileType = sourcecode.swift; path = SQLiteHelpers.swift; sourceTree = "<group>"; };
		046FC8AC22FD408800C1C805 /* CategoryRModel.swift */ = {isa = PBXFileReference; lastKnownFileType = sourcecode.swift; path = CategoryRModel.swift; sourceTree = "<group>"; };
		046FC8CA2302564400C1C805 /* QRScanning.storyboard */ = {isa = PBXFileReference; lastKnownFileType = file.storyboard; path = QRScanning.storyboard; sourceTree = "<group>"; };
		046FC8CC2302565600C1C805 /* QRScanningViewController.swift */ = {isa = PBXFileReference; lastKnownFileType = sourcecode.swift; path = QRScanningViewController.swift; sourceTree = "<group>"; };
		046FC8EC230394F600C1C805 /* QRScannerView.xib */ = {isa = PBXFileReference; lastKnownFileType = file.xib; path = QRScannerView.xib; sourceTree = "<group>"; };
		046FC8EE2303950F00C1C805 /* QRScannerView.swift */ = {isa = PBXFileReference; lastKnownFileType = sourcecode.swift; path = QRScannerView.swift; sourceTree = "<group>"; };
		046FC8FA2303BF4E00C1C805 /* UIView+.swift */ = {isa = PBXFileReference; lastKnownFileType = sourcecode.swift; path = "UIView+.swift"; sourceTree = "<group>"; };
		046FC9022304F85400C1C805 /* SalesGraph.storyboard */ = {isa = PBXFileReference; lastKnownFileType = file.storyboard; path = SalesGraph.storyboard; sourceTree = "<group>"; };
		046FC907230505AB00C1C805 /* MyBarGraph.xib */ = {isa = PBXFileReference; lastKnownFileType = file.xib; path = MyBarGraph.xib; sourceTree = "<group>"; };
		046FC909230505F800C1C805 /* MyBarGraph.swift */ = {isa = PBXFileReference; lastKnownFileType = sourcecode.swift; path = MyBarGraph.swift; sourceTree = "<group>"; };
		046FC90B2305064E00C1C805 /* MyBarGraphViewModel.swift */ = {isa = PBXFileReference; lastKnownFileType = sourcecode.swift; path = MyBarGraphViewModel.swift; sourceTree = "<group>"; };
		046FC90D2305126200C1C805 /* SalesGraphVCView.swift */ = {isa = PBXFileReference; lastKnownFileType = sourcecode.swift; path = SalesGraphVCView.swift; sourceTree = "<group>"; };
		046FC9122306426000C1C805 /* TransactionList.storyboard */ = {isa = PBXFileReference; lastKnownFileType = file.storyboard; path = TransactionList.storyboard; sourceTree = "<group>"; };
		046FC914230642A100C1C805 /* TransactionListVC.swift */ = {isa = PBXFileReference; lastKnownFileType = sourcecode.swift; path = TransactionListVC.swift; sourceTree = "<group>"; };
		046FC9172306449100C1C805 /* TogglabbleOptions.xib */ = {isa = PBXFileReference; lastKnownFileType = file.xib; path = TogglabbleOptions.xib; sourceTree = "<group>"; };
		046FC919230644A700C1C805 /* TogglabbleOptions.swift */ = {isa = PBXFileReference; lastKnownFileType = sourcecode.swift; path = TogglabbleOptions.swift; sourceTree = "<group>"; };
		046FC91B2306472200C1C805 /* TogglabbleOptionsVM.swift */ = {isa = PBXFileReference; lastKnownFileType = sourcecode.swift; path = TogglabbleOptionsVM.swift; sourceTree = "<group>"; };
		04B231C222F124D5002824F4 /* LoginVViewController.swift */ = {isa = PBXFileReference; fileEncoding = 4; lastKnownFileType = sourcecode.swift; path = LoginVViewController.swift; sourceTree = "<group>"; };
		04B231C422F124F3002824F4 /* Login.storyboard */ = {isa = PBXFileReference; lastKnownFileType = file.storyboard; path = Login.storyboard; sourceTree = "<group>"; };
		04B231C622F12521002824F4 /* ForgotPasswordViewController.swift */ = {isa = PBXFileReference; lastKnownFileType = sourcecode.swift; path = ForgotPasswordViewController.swift; sourceTree = "<group>"; };
		04B231C922F12A79002824F4 /* Dashboard.storyboard */ = {isa = PBXFileReference; lastKnownFileType = file.storyboard; path = Dashboard.storyboard; sourceTree = "<group>"; };
		04B231CE22F12C20002824F4 /* YoutubeCollectionViewCell.swift */ = {isa = PBXFileReference; lastKnownFileType = sourcecode.swift; path = YoutubeCollectionViewCell.swift; sourceTree = "<group>"; };
		04B231D022F12C33002824F4 /* YoutubeCell.xib */ = {isa = PBXFileReference; lastKnownFileType = file.xib; path = YoutubeCell.xib; sourceTree = "<group>"; };
		04B231D222F13200002824F4 /* HomeViewController.swift */ = {isa = PBXFileReference; lastKnownFileType = sourcecode.swift; path = HomeViewController.swift; sourceTree = "<group>"; };
		04B231D522F1349C002824F4 /* VideosModel.swift */ = {isa = PBXFileReference; lastKnownFileType = sourcecode.swift; path = VideosModel.swift; sourceTree = "<group>"; };
		04B231D922F13651002824F4 /* UICollectionView+.swift */ = {isa = PBXFileReference; lastKnownFileType = sourcecode.swift; path = "UICollectionView+.swift"; sourceTree = "<group>"; };
		04B231DC22F1625A002824F4 /* YoutubeCell1.xib */ = {isa = PBXFileReference; lastKnownFileType = file.xib; path = YoutubeCell1.xib; sourceTree = "<group>"; };
		04B231DE22F16290002824F4 /* YoutubeCell1.swift */ = {isa = PBXFileReference; lastKnownFileType = sourcecode.swift; path = YoutubeCell1.swift; sourceTree = "<group>"; };
		04B231E122F1656F002824F4 /* ToWatchViewController.swift */ = {isa = PBXFileReference; lastKnownFileType = sourcecode.swift; path = ToWatchViewController.swift; sourceTree = "<group>"; };
		04B231E322F166A8002824F4 /* UITableView+.swift */ = {isa = PBXFileReference; lastKnownFileType = sourcecode.swift; path = "UITableView+.swift"; sourceTree = "<group>"; };
		04B231E522F1682F002824F4 /* String+.swift */ = {isa = PBXFileReference; lastKnownFileType = sourcecode.swift; path = "String+.swift"; sourceTree = "<group>"; };
		04B231F122F19210002824F4 /* UserModel.swift */ = {isa = PBXFileReference; lastKnownFileType = sourcecode.swift; path = UserModel.swift; sourceTree = "<group>"; };
		04B231F322F19A30002824F4 /* CoreDataHelpers.swift */ = {isa = PBXFileReference; lastKnownFileType = sourcecode.swift; path = CoreDataHelpers.swift; sourceTree = "<group>"; };
		04B231F522F19A3E002824F4 /* RealmHelpers.swift */ = {isa = PBXFileReference; lastKnownFileType = sourcecode.swift; path = RealmHelpers.swift; sourceTree = "<group>"; };
		04B231F722F19A48002824F4 /* UserDefaultsHelpers.swift */ = {isa = PBXFileReference; lastKnownFileType = sourcecode.swift; path = UserDefaultsHelpers.swift; sourceTree = "<group>"; };
		04B231F922F19A5B002824F4 /* KeychainHelpers.swift */ = {isa = PBXFileReference; lastKnownFileType = sourcecode.swift; path = KeychainHelpers.swift; sourceTree = "<group>"; };
		04B231FF22F2D07B002824F4 /* AlamofireHelper.swift */ = {isa = PBXFileReference; lastKnownFileType = sourcecode.swift; path = AlamofireHelper.swift; sourceTree = "<group>"; };
		04FDC7FC230669710038CCFE /* CalendarPicker.xib */ = {isa = PBXFileReference; lastKnownFileType = file.xib; path = CalendarPicker.xib; sourceTree = "<group>"; };
		04FDC7FE230669950038CCFE /* CalendarPicker.swift */ = {isa = PBXFileReference; lastKnownFileType = sourcecode.swift; path = CalendarPicker.swift; sourceTree = "<group>"; };
		04FDC8002306845F0038CCFE /* CalendarPickerVM.swift */ = {isa = PBXFileReference; lastKnownFileType = sourcecode.swift; path = CalendarPickerVM.swift; sourceTree = "<group>"; };
		04FDC803230692BC0038CCFE /* OverViewTransactionList.xib */ = {isa = PBXFileReference; lastKnownFileType = file.xib; path = OverViewTransactionList.xib; sourceTree = "<group>"; };
		04FDC8052306941C0038CCFE /* OverViewTransactionList.swift */ = {isa = PBXFileReference; lastKnownFileType = sourcecode.swift; path = OverViewTransactionList.swift; sourceTree = "<group>"; };
		04FDC8072306951A0038CCFE /* OverviewTransactionListVM.swift */ = {isa = PBXFileReference; lastKnownFileType = sourcecode.swift; path = OverviewTransactionListVM.swift; sourceTree = "<group>"; };
		04FDC8092306976D0038CCFE /* TransactionCell1VM.swift */ = {isa = PBXFileReference; lastKnownFileType = sourcecode.swift; path = TransactionCell1VM.swift; sourceTree = "<group>"; };
		04FDC80B230699CE0038CCFE /* TransactionListDisplayVC.swift */ = {isa = PBXFileReference; lastKnownFileType = sourcecode.swift; path = TransactionListDisplayVC.swift; sourceTree = "<group>"; };
		04FDC80E2306BD590038CCFE /* TransactionList.xib */ = {isa = PBXFileReference; lastKnownFileType = file.xib; path = TransactionList.xib; sourceTree = "<group>"; };
		04FDC8102306BD6A0038CCFE /* TransactionList.swift */ = {isa = PBXFileReference; lastKnownFileType = sourcecode.swift; path = TransactionList.swift; sourceTree = "<group>"; };
		04FDC812230A2D0B0038CCFE /* TransactionListVM.swift */ = {isa = PBXFileReference; lastKnownFileType = sourcecode.swift; path = TransactionListVM.swift; sourceTree = "<group>"; };
		04FDC814230A3D840038CCFE /* AllTransactionListVC.swift */ = {isa = PBXFileReference; lastKnownFileType = sourcecode.swift; path = AllTransactionListVC.swift; sourceTree = "<group>"; };
		04FDC819230A7B960038CCFE /* SelectLanguage.xib */ = {isa = PBXFileReference; lastKnownFileType = file.xib; path = SelectLanguage.xib; sourceTree = "<group>"; };
		04FDC81B230A7BCD0038CCFE /* SelectLanguage.swift */ = {isa = PBXFileReference; lastKnownFileType = sourcecode.swift; path = SelectLanguage.swift; sourceTree = "<group>"; };
		04FDC81D230A7C880038CCFE /* SelectLanguageVM.swift */ = {isa = PBXFileReference; lastKnownFileType = sourcecode.swift; path = SelectLanguageVM.swift; sourceTree = "<group>"; };
		04FDC822230A7D900038CCFE /* SelectLanguageCell1.xib */ = {isa = PBXFileReference; lastKnownFileType = file.xib; path = SelectLanguageCell1.xib; sourceTree = "<group>"; };
		04FDC826230A7E8C0038CCFE /* SelectLanguageCell1.swift */ = {isa = PBXFileReference; lastKnownFileType = sourcecode.swift; path = SelectLanguageCell1.swift; sourceTree = "<group>"; };
		04FDC828230A7F460038CCFE /* SelectLanguageCell1VM.swift */ = {isa = PBXFileReference; lastKnownFileType = sourcecode.swift; path = SelectLanguageCell1VM.swift; sourceTree = "<group>"; };
		04FDC82B230A99400038CCFE /* SelectLanguage.storyboard */ = {isa = PBXFileReference; lastKnownFileType = file.storyboard; path = SelectLanguage.storyboard; sourceTree = "<group>"; };
		04FDC82D230A998B0038CCFE /* SelectLanguageVC.swift */ = {isa = PBXFileReference; lastKnownFileType = sourcecode.swift; path = SelectLanguageVC.swift; sourceTree = "<group>"; };
		04FDC85E230B9FF70038CCFE /* API.swift */ = {isa = PBXFileReference; lastKnownFileType = sourcecode.swift; path = API.swift; sourceTree = "<group>"; };
		04FDC861230BA15B0038CCFE /* CLAppVersionRepo.swift */ = {isa = PBXFileReference; lastKnownFileType = sourcecode.swift; path = CLAppVersionRepo.swift; sourceTree = "<group>"; };
		04FDC864230BA2F60038CCFE /* CLAppVersion.swift */ = {isa = PBXFileReference; lastKnownFileType = sourcecode.swift; path = CLAppVersion.swift; sourceTree = "<group>"; };
		04FDC866230BA3650038CCFE /* CLLJLocalization.swift */ = {isa = PBXFileReference; lastKnownFileType = sourcecode.swift; path = CLLJLocalization.swift; sourceTree = "<group>"; };
		04FDC869230BA4E90038CCFE /* Observable+.swift */ = {isa = PBXFileReference; lastKnownFileType = sourcecode.swift; path = "Observable+.swift"; sourceTree = "<group>"; };
		04FDC86B230BA7A10038CCFE /* CLLocalizationRepo.swift */ = {isa = PBXFileReference; lastKnownFileType = sourcecode.swift; path = CLLocalizationRepo.swift; sourceTree = "<group>"; };
		04FDC86E230BA8C90038CCFE /* CLUtility.swift */ = {isa = PBXFileReference; lastKnownFileType = sourcecode.swift; path = CLUtility.swift; sourceTree = "<group>"; };
		04FDC870230BAB1B0038CCFE /* CLUserDefaults.swift */ = {isa = PBXFileReference; lastKnownFileType = sourcecode.swift; path = CLUserDefaults.swift; sourceTree = "<group>"; };
		04FDC872230BBB910038CCFE /* MainCLLLocalizationLJ.swift */ = {isa = PBXFileReference; lastKnownFileType = sourcecode.swift; path = MainCLLLocalizationLJ.swift; sourceTree = "<group>"; };
		04FDC875230BBEE50038CCFE /* RestLocalization.storyboard */ = {isa = PBXFileReference; lastKnownFileType = file.storyboard; path = RestLocalization.storyboard; sourceTree = "<group>"; };
		04FDC877230BBF050038CCFE /* RestLocalizationVC.swift */ = {isa = PBXFileReference; lastKnownFileType = sourcecode.swift; path = RestLocalizationVC.swift; sourceTree = "<group>"; };
		04FDC87C230BC3B40038CCFE /* CLLRealmLJ.swift */ = {isa = PBXFileReference; lastKnownFileType = sourcecode.swift; path = CLLRealmLJ.swift; sourceTree = "<group>"; };
		04FDC8DB230E60B10038CCFE /* QRSDKHelper.framework */ = {isa = PBXFileReference; lastKnownFileType = wrapper.framework; path = QRSDKHelper.framework; sourceTree = "<group>"; };
		04FDC8DE230E60F50038CCFE /* QRGenerator.storyboard */ = {isa = PBXFileReference; lastKnownFileType = file.storyboard; path = QRGenerator.storyboard; sourceTree = "<group>"; };
		04FDC8E0230E61280038CCFE /* QRGeneratorVC.swift */ = {isa = PBXFileReference; lastKnownFileType = sourcecode.swift; path = QRGeneratorVC.swift; sourceTree = "<group>"; };
		04FDC8E3230E68A50038CCFE /* Encryptor.swift */ = {isa = PBXFileReference; lastKnownFileType = sourcecode.swift; name = Encryptor.swift; path = testProject/Frameworks/LJQRGenerator/Encryptor.swift; sourceTree = SOURCE_ROOT; };
		BF8F796D578F90B34199A3BE /* Pods_testProject.framework */ = {isa = PBXFileReference; explicitFileType = wrapper.framework; includeInIndex = 0; path = Pods_testProject.framework; sourceTree = BUILT_PRODUCTS_DIR; };
		DB01042FD8ECF3025A937189 /* Pods-testProject.debug.xcconfig */ = {isa = PBXFileReference; includeInIndex = 1; lastKnownFileType = text.xcconfig; name = "Pods-testProject.debug.xcconfig"; path = "Target Support Files/Pods-testProject/Pods-testProject.debug.xcconfig"; sourceTree = "<group>"; };
		EE08A7FD230CF4F700AAB09E /* ScannerPassport.storyboard */ = {isa = PBXFileReference; lastKnownFileType = file.storyboard; path = ScannerPassport.storyboard; sourceTree = "<group>"; };
		EE08A7FF230CF50A00AAB09E /* ScannerPassportVC.swift */ = {isa = PBXFileReference; lastKnownFileType = sourcecode.swift; path = ScannerPassportVC.swift; sourceTree = "<group>"; };
		EE08A802230D16B900AAB09E /* CameraComponent.xib */ = {isa = PBXFileReference; lastKnownFileType = file.xib; path = CameraComponent.xib; sourceTree = "<group>"; };
		EE08A804230D16E300AAB09E /* CameraComponent.swift */ = {isa = PBXFileReference; lastKnownFileType = sourcecode.swift; path = CameraComponent.swift; sourceTree = "<group>"; };
		EE08A808230D1A8C00AAB09E /* LJPassportScanner.xib */ = {isa = PBXFileReference; lastKnownFileType = file.xib; path = LJPassportScanner.xib; sourceTree = "<group>"; };
		EE08A80A230D1A9A00AAB09E /* LJPassportScanner.swift */ = {isa = PBXFileReference; lastKnownFileType = sourcecode.swift; path = LJPassportScanner.swift; sourceTree = "<group>"; };
		EE08A813230D2A9D00AAB09E /* tessdata */ = {isa = PBXFileReference; lastKnownFileType = folder; path = tessdata; sourceTree = "<group>"; };
		EE08A823230F055500AAB09E /* private.pem */ = {isa = PBXFileReference; fileEncoding = 4; lastKnownFileType = text; path = private.pem; sourceTree = "<group>"; };
		EE08A824230F055500AAB09E /* public.pem */ = {isa = PBXFileReference; fileEncoding = 4; lastKnownFileType = text; path = public.pem; sourceTree = "<group>"; };
		EE08A8402310DBE300AAB09E /* LJQRGenerator.swift */ = {isa = PBXFileReference; lastKnownFileType = sourcecode.swift; path = LJQRGenerator.swift; sourceTree = "<group>"; };
		EE08A8492311808700AAB09E /* LJQRGeneratorAPI.swift */ = {isa = PBXFileReference; lastKnownFileType = sourcecode.swift; path = LJQRGeneratorAPI.swift; sourceTree = "<group>"; };
		EE08A84B2311815E00AAB09E /* LJQRGeneratorRepo.swift */ = {isa = PBXFileReference; lastKnownFileType = sourcecode.swift; path = LJQRGeneratorRepo.swift; sourceTree = "<group>"; };
		EE08A8652315332300AAB09E /* TouchID.swift */ = {isa = PBXFileReference; lastKnownFileType = sourcecode.swift; path = TouchID.swift; sourceTree = "<group>"; };
		EE08A8682315353E00AAB09E /* TouchID.storyboard */ = {isa = PBXFileReference; lastKnownFileType = file.storyboard; path = TouchID.storyboard; sourceTree = "<group>"; };
		EE08A86A2315354C00AAB09E /* TouchIDVC.swift */ = {isa = PBXFileReference; lastKnownFileType = sourcecode.swift; path = TouchIDVC.swift; sourceTree = "<group>"; };
		EE3FA2C422FAE41D004400A6 /* TransactionCell1.xib */ = {isa = PBXFileReference; lastKnownFileType = file.xib; path = TransactionCell1.xib; sourceTree = "<group>"; };
		EE3FA2C622FAE68C004400A6 /* TransactionCell1.swift */ = {isa = PBXFileReference; lastKnownFileType = sourcecode.swift; path = TransactionCell1.swift; sourceTree = "<group>"; };
		EE3FA2CA22FB1D40004400A6 /* OptionRadioCell1.swift */ = {isa = PBXFileReference; lastKnownFileType = sourcecode.swift; path = OptionRadioCell1.swift; sourceTree = "<group>"; };
		EE3FA2CC22FB1D4E004400A6 /* OptionRadioCell1.xib */ = {isa = PBXFileReference; lastKnownFileType = file.xib; path = OptionRadioCell1.xib; sourceTree = "<group>"; };
		EE3FA2CF22FFC33C004400A6 /* AdsCell1.xib */ = {isa = PBXFileReference; lastKnownFileType = file.xib; path = AdsCell1.xib; sourceTree = "<group>"; };
		EE3FA2D122FFC34B004400A6 /* AdsCell1.swift */ = {isa = PBXFileReference; lastKnownFileType = sourcecode.swift; path = AdsCell1.swift; sourceTree = "<group>"; };
		EE3FA2D423012CEF004400A6 /* Constants.swift */ = {isa = PBXFileReference; lastKnownFileType = sourcecode.swift; path = Constants.swift; sourceTree = "<group>"; };
		EE3FA2D723012D28004400A6 /* StripeIntegration.swift */ = {isa = PBXFileReference; lastKnownFileType = sourcecode.swift; path = StripeIntegration.swift; sourceTree = "<group>"; };
		EE3FA2DC23013842004400A6 /* QRScannerHelper.swift */ = {isa = PBXFileReference; lastKnownFileType = sourcecode.swift; path = QRScannerHelper.swift; sourceTree = "<group>"; };
		EE3FA2E623015F1A004400A6 /* MVisaQRParser.framework */ = {isa = PBXFileReference; lastKnownFileType = wrapper.framework; path = MVisaQRParser.framework; sourceTree = "<group>"; };
		EE3FA2E8230233CB004400A6 /* PushNotificationHelpers.swift */ = {isa = PBXFileReference; lastKnownFileType = sourcecode.swift; path = PushNotificationHelpers.swift; sourceTree = "<group>"; };
		EE42E8DC22F2467B00C469CC /* CoreDataEntity.xcdatamodel */ = {isa = PBXFileReference; lastKnownFileType = wrapper.xcdatamodel; path = CoreDataEntity.xcdatamodel; sourceTree = "<group>"; };
		EE42E8DE22F2491B00C469CC /* DashboardViewPresenter.swift */ = {isa = PBXFileReference; lastKnownFileType = sourcecode.swift; path = DashboardViewPresenter.swift; sourceTree = "<group>"; };
		EE42E8E822F38E2900C469CC /* Notes.txt */ = {isa = PBXFileReference; lastKnownFileType = text; path = Notes.txt; sourceTree = "<group>"; };
/* End PBXFileReference section */

/* Begin PBXFrameworksBuildPhase section */
		043EAC3222E9B0C6004F5594 /* Frameworks */ = {
			isa = PBXFrameworksBuildPhase;
			buildActionMask = 2147483647;
			files = (
				043EAC4C22E9B131004F5594 /* BaseCodeAPI.framework in Frameworks */,
				046FC8D62302610F00C1C805 /* MVisaQRParser.framework in Frameworks */,
				043EAC5822E9BB54004F5594 /* BaseCodeAPI.framework in Frameworks */,
				EE3FA2E723015F1A004400A6 /* MVisaQRParser.framework in Frameworks */,
				04FDC8DC230E60B10038CCFE /* QRSDKHelper.framework in Frameworks */,
				04FDC8EB230E74CC0038CCFE /* QRSDKHelper.framework in Frameworks */,
				2F07E123151F195F527DCC9C /* Pods_testProject.framework in Frameworks */,
			);
			runOnlyForDeploymentPostprocessing = 0;
		};
/* End PBXFrameworksBuildPhase section */

/* Begin PBXGroup section */
		043EAC2C22E9B0C6004F5594 = {
			isa = PBXGroup;
			children = (
				043EAC3722E9B0C6004F5594 /* testProject */,
				043EAC3622E9B0C6004F5594 /* Products */,
				A3D20955AF19EE4EEB29DC03 /* Pods */,
				2E7414BBC7AD229FB1B0166B /* Frameworks */,
			);
			sourceTree = "<group>";
		};
		043EAC3622E9B0C6004F5594 /* Products */ = {
			isa = PBXGroup;
			children = (
				043EAC3522E9B0C6004F5594 /* testProject.app */,
			);
			name = Products;
			sourceTree = "<group>";
		};
		043EAC3722E9B0C6004F5594 /* testProject */ = {
			isa = PBXGroup;
			children = (
				04FDC8E5230E73890038CCFE /* res */,
				EE08A813230D2A9D00AAB09E /* tessdata */,
				04FDC85B230B9F830038CCFE /* Frameworks */,
				046FC8EA230394DC00C1C805 /* Components */,
				EE3FA2D623012D18004400A6 /* integrations */,
				EE3FA2D323012CE1004400A6 /* config */,
				EE42E8E722F38E1A00C469CC /* Notes */,
				04B231E722F1697B002824F4 /* helpers */,
				04B231D822F13642002824F4 /* extensions */,
				04B231D422F13486002824F4 /* Model */,
				043EAC5222E9B432004F5594 /* View */,
				043EAC4D22E9B208004F5594 /* dependency_injection */,
				043EAC4A22E9B0D3004F5594 /* sdk */,
				043EAC3822E9B0C6004F5594 /* AppDelegate.swift */,
				043EAC3F22E9B0C8004F5594 /* Assets.xcassets */,
				043EAC4122E9B0C8004F5594 /* LaunchScreen.storyboard */,
				043EAC4422E9B0C8004F5594 /* Info.plist */,
			);
			path = testProject;
			sourceTree = "<group>";
		};
		043EAC4A22E9B0D3004F5594 /* sdk */ = {
			isa = PBXGroup;
			children = (
				04FDC8DB230E60B10038CCFE /* QRSDKHelper.framework */,
				EE3FA2E623015F1A004400A6 /* MVisaQRParser.framework */,
				043EAC4B22E9B131004F5594 /* BaseCodeAPI.framework */,
			);
			path = sdk;
			sourceTree = "<group>";
		};
		043EAC4D22E9B208004F5594 /* dependency_injection */ = {
			isa = PBXGroup;
			children = (
				043EAC4E22E9B289004F5594 /* AppAssembler.swift */,
				043EAC5022E9B2D2004F5594 /* PresentationAssembly.swift */,
			);
			path = dependency_injection;
			sourceTree = "<group>";
		};
		043EAC5222E9B432004F5594 /* View */ = {
			isa = PBXGroup;
			children = (
				EE08A8672315353100AAB09E /* TouchID */,
				04FDC8DD230E60D70038CCFE /* QRGenerator */,
				EE08A7FC230CF4E800AAB09E /* ScannerPassport */,
				04FDC874230BBE590038CCFE /* RestLocalization */,
				04FDC82A230A99310038CCFE /* SelectLanguage */,
				046FC9112306424200C1C805 /* TransactionList */,
				046FC9012304F84000C1C805 /* SalesGraph */,
				046FC8C92302563100C1C805 /* QRScanning */,
				04B231CB22F12BC7002824F4 /* CustomView */,
				04B231C822F12A69002824F4 /* Dashboard */,
				04B231C122F1248A002824F4 /* Login */,
				043EAC5322E9B437004F5594 /* Main */,
				043EAC5622E9B49F004F5594 /* BaseView.swift */,
			);
			path = View;
			sourceTree = "<group>";
		};
		043EAC5322E9B437004F5594 /* Main */ = {
			isa = PBXGroup;
			children = (
				043EAC3C22E9B0C6004F5594 /* Main.storyboard */,
				043EAC3A22E9B0C6004F5594 /* ViewController.swift */,
				043EAC5422E9B458004F5594 /* MainPresenter.swift */,
			);
			path = Main;
			sourceTree = "<group>";
		};
		046FC8C92302563100C1C805 /* QRScanning */ = {
			isa = PBXGroup;
			children = (
				046FC8CA2302564400C1C805 /* QRScanning.storyboard */,
				046FC8CC2302565600C1C805 /* QRScanningViewController.swift */,
			);
			path = QRScanning;
			sourceTree = "<group>";
		};
		046FC8EA230394DC00C1C805 /* Components */ = {
			isa = PBXGroup;
			children = (
				EE08A83B2310DB7600AAB09E /* QRGenerator */,
				EE08A806230D1A6A00AAB09E /* LJPassportScanner */,
				EE08A801230D16A200AAB09E /* CameraComponent */,
				04FDC820230A7D730038CCFE /* Language */,
				04FDC81F230A7D300038CCFE /* TransDisplay */,
				04FDC7FB230669590038CCFE /* CalendarPicker */,
				046FC9162306446900C1C805 /* TogglabbleOptions */,
				046FC9062305030100C1C805 /* MyBarGraphView */,
				046FC8EB230394E600C1C805 /* QRScannerView */,
			);
			path = Components;
			sourceTree = "<group>";
		};
		046FC8EB230394E600C1C805 /* QRScannerView */ = {
			isa = PBXGroup;
			children = (
				EE3FA2DC23013842004400A6 /* QRScannerHelper.swift */,
				046FC8EC230394F600C1C805 /* QRScannerView.xib */,
				046FC8EE2303950F00C1C805 /* QRScannerView.swift */,
				046FC8FA2303BF4E00C1C805 /* UIView+.swift */,
			);
			path = QRScannerView;
			sourceTree = "<group>";
		};
		046FC9012304F84000C1C805 /* SalesGraph */ = {
			isa = PBXGroup;
			children = (
				046FC9022304F85400C1C805 /* SalesGraph.storyboard */,
				046FC90D2305126200C1C805 /* SalesGraphVCView.swift */,
			);
			path = SalesGraph;
			sourceTree = "<group>";
		};
		046FC9062305030100C1C805 /* MyBarGraphView */ = {
			isa = PBXGroup;
			children = (
				046FC907230505AB00C1C805 /* MyBarGraph.xib */,
				046FC909230505F800C1C805 /* MyBarGraph.swift */,
				046FC90B2305064E00C1C805 /* MyBarGraphViewModel.swift */,
			);
			path = MyBarGraphView;
			sourceTree = "<group>";
		};
		046FC9112306424200C1C805 /* TransactionList */ = {
			isa = PBXGroup;
			children = (
				046FC9122306426000C1C805 /* TransactionList.storyboard */,
				046FC914230642A100C1C805 /* TransactionListVC.swift */,
				04FDC80B230699CE0038CCFE /* TransactionListDisplayVC.swift */,
				04FDC814230A3D840038CCFE /* AllTransactionListVC.swift */,
			);
			path = TransactionList;
			sourceTree = "<group>";
		};
		046FC9162306446900C1C805 /* TogglabbleOptions */ = {
			isa = PBXGroup;
			children = (
				046FC9172306449100C1C805 /* TogglabbleOptions.xib */,
				046FC919230644A700C1C805 /* TogglabbleOptions.swift */,
				046FC91B2306472200C1C805 /* TogglabbleOptionsVM.swift */,
			);
			path = TogglabbleOptions;
			sourceTree = "<group>";
		};
		04B231C122F1248A002824F4 /* Login */ = {
			isa = PBXGroup;
			children = (
				04B231C222F124D5002824F4 /* LoginVViewController.swift */,
				04B231C422F124F3002824F4 /* Login.storyboard */,
				04B231C622F12521002824F4 /* ForgotPasswordViewController.swift */,
			);
			path = Login;
			sourceTree = "<group>";
		};
		04B231C822F12A69002824F4 /* Dashboard */ = {
			isa = PBXGroup;
			children = (
				04B231C922F12A79002824F4 /* Dashboard.storyboard */,
				04B231D222F13200002824F4 /* HomeViewController.swift */,
				04B231E122F1656F002824F4 /* ToWatchViewController.swift */,
				EE42E8DE22F2491B00C469CC /* DashboardViewPresenter.swift */,
			);
			path = Dashboard;
			sourceTree = "<group>";
		};
		04B231CB22F12BC7002824F4 /* CustomView */ = {
			isa = PBXGroup;
			children = (
				04B231E022F16299002824F4 /* TableCell */,
				04B231CC22F12BD3002824F4 /* CollectionCell */,
			);
			path = CustomView;
			sourceTree = "<group>";
		};
		04B231CC22F12BD3002824F4 /* CollectionCell */ = {
			isa = PBXGroup;
			children = (
				04B231CD22F12BDD002824F4 /* YoutubeCell */,
			);
			path = CollectionCell;
			sourceTree = "<group>";
		};
		04B231CD22F12BDD002824F4 /* YoutubeCell */ = {
			isa = PBXGroup;
			children = (
				04B231CE22F12C20002824F4 /* YoutubeCollectionViewCell.swift */,
				04B231D022F12C33002824F4 /* YoutubeCell.xib */,
			);
			path = YoutubeCell;
			sourceTree = "<group>";
		};
		04B231D422F13486002824F4 /* Model */ = {
			isa = PBXGroup;
			children = (
				04B231D522F1349C002824F4 /* VideosModel.swift */,
				04B231F122F19210002824F4 /* UserModel.swift */,
			);
			path = Model;
			sourceTree = "<group>";
		};
		04B231D822F13642002824F4 /* extensions */ = {
			isa = PBXGroup;
			children = (
				04B231D922F13651002824F4 /* UICollectionView+.swift */,
				04B231E322F166A8002824F4 /* UITableView+.swift */,
				04B231E522F1682F002824F4 /* String+.swift */,
			);
			path = extensions;
			sourceTree = "<group>";
		};
		04B231DB22F1623B002824F4 /* YoutubeCell1 */ = {
			isa = PBXGroup;
			children = (
				04B231DC22F1625A002824F4 /* YoutubeCell1.xib */,
				04B231DE22F16290002824F4 /* YoutubeCell1.swift */,
			);
			path = YoutubeCell1;
			sourceTree = "<group>";
		};
		04B231E022F16299002824F4 /* TableCell */ = {
			isa = PBXGroup;
			children = (
				EE3FA2CE22FFC327004400A6 /* AdsCell1 */,
				EE3FA2C922FB1D22004400A6 /* OptionRadioCell1 */,
				04B231DB22F1623B002824F4 /* YoutubeCell1 */,
			);
			path = TableCell;
			sourceTree = "<group>";
		};
		04B231E722F1697B002824F4 /* helpers */ = {
			isa = PBXGroup;
			children = (
				04B2320322F2E866002824F4 /* RealmEntities */,
				EE42E8DA22F2465B00C469CC /* CoreDataEntity */,
				04B231F322F19A30002824F4 /* CoreDataHelpers.swift */,
				04B231F522F19A3E002824F4 /* RealmHelpers.swift */,
				04B231F722F19A48002824F4 /* UserDefaultsHelpers.swift */,
				04B231F922F19A5B002824F4 /* KeychainHelpers.swift */,
				04B231FF22F2D07B002824F4 /* AlamofireHelper.swift */,
				046FC8A922FBE99E00C1C805 /* SQLiteHelpers.swift */,
				EE3FA2E8230233CB004400A6 /* PushNotificationHelpers.swift */,
			);
			path = helpers;
			sourceTree = "<group>";
		};
		04B2320322F2E866002824F4 /* RealmEntities */ = {
			isa = PBXGroup;
			children = (
				046FC8AC22FD408800C1C805 /* CategoryRModel.swift */,
			);
			path = RealmEntities;
			sourceTree = "<group>";
		};
		04FDC7FB230669590038CCFE /* CalendarPicker */ = {
			isa = PBXGroup;
			children = (
				04FDC7FC230669710038CCFE /* CalendarPicker.xib */,
				04FDC7FE230669950038CCFE /* CalendarPicker.swift */,
				04FDC8002306845F0038CCFE /* CalendarPickerVM.swift */,
			);
			path = CalendarPicker;
			sourceTree = "<group>";
		};
		04FDC802230692A20038CCFE /* OverViewTransactionList */ = {
			isa = PBXGroup;
			children = (
				04FDC803230692BC0038CCFE /* OverViewTransactionList.xib */,
				04FDC8052306941C0038CCFE /* OverViewTransactionList.swift */,
				04FDC8072306951A0038CCFE /* OverviewTransactionListVM.swift */,
			);
			path = OverViewTransactionList;
			sourceTree = "<group>";
		};
		04FDC80D2306BD360038CCFE /* TransactionList */ = {
			isa = PBXGroup;
			children = (
				04FDC80E2306BD590038CCFE /* TransactionList.xib */,
				04FDC8102306BD6A0038CCFE /* TransactionList.swift */,
				04FDC812230A2D0B0038CCFE /* TransactionListVM.swift */,
			);
			path = TransactionList;
			sourceTree = "<group>";
		};
		04FDC818230A7B820038CCFE /* SelectLanguage */ = {
			isa = PBXGroup;
			children = (
				04FDC819230A7B960038CCFE /* SelectLanguage.xib */,
				04FDC81B230A7BCD0038CCFE /* SelectLanguage.swift */,
				04FDC81D230A7C880038CCFE /* SelectLanguageVM.swift */,
			);
			path = SelectLanguage;
			sourceTree = "<group>";
		};
		04FDC81F230A7D300038CCFE /* TransDisplay */ = {
			isa = PBXGroup;
			children = (
				EE3FA2C322FAE403004400A6 /* TransactionCell1 */,
				04FDC802230692A20038CCFE /* OverViewTransactionList */,
				04FDC80D2306BD360038CCFE /* TransactionList */,
			);
			path = TransDisplay;
			sourceTree = "<group>";
		};
		04FDC820230A7D730038CCFE /* Language */ = {
			isa = PBXGroup;
			children = (
				04FDC821230A7D7C0038CCFE /* SelectLanguageCell1 */,
				04FDC818230A7B820038CCFE /* SelectLanguage */,
			);
			path = Language;
			sourceTree = "<group>";
		};
		04FDC821230A7D7C0038CCFE /* SelectLanguageCell1 */ = {
			isa = PBXGroup;
			children = (
				04FDC822230A7D900038CCFE /* SelectLanguageCell1.xib */,
				04FDC826230A7E8C0038CCFE /* SelectLanguageCell1.swift */,
				04FDC828230A7F460038CCFE /* SelectLanguageCell1VM.swift */,
			);
			path = SelectLanguageCell1;
			sourceTree = "<group>";
		};
		04FDC82A230A99310038CCFE /* SelectLanguage */ = {
			isa = PBXGroup;
			children = (
				04FDC82B230A99400038CCFE /* SelectLanguage.storyboard */,
				04FDC82D230A998B0038CCFE /* SelectLanguageVC.swift */,
			);
			path = SelectLanguage;
			sourceTree = "<group>";
		};
		04FDC85B230B9F830038CCFE /* Frameworks */ = {
			isa = PBXGroup;
			children = (
				EE08A8642315331100AAB09E /* TouchID */,
				EE08A822230F050B00AAB09E /* LJQRGenerator */,
				04FDC85C230B9F890038CCFE /* CLLocalizationLJ */,
			);
			path = Frameworks;
			sourceTree = "<group>";
		};
		04FDC85C230B9F890038CCFE /* CLLocalizationLJ */ = {
			isa = PBXGroup;
			children = (
				04FDC879230BC3550038CCFE /* Realm */,
				04FDC85D230B9FEC0038CCFE /* Rest */,
				04FDC872230BBB910038CCFE /* MainCLLLocalizationLJ.swift */,
			);
			path = CLLocalizationLJ;
			sourceTree = "<group>";
		};
		04FDC85D230B9FEC0038CCFE /* Rest */ = {
			isa = PBXGroup;
			children = (
				04FDC86D230BA8B10038CCFE /* util */,
				04FDC868230BA4DB0038CCFE /* ext */,
				04FDC863230BA2C30038CCFE /* Model */,
				04FDC860230BA1030038CCFE /* Repo */,
				04FDC85E230B9FF70038CCFE /* API.swift */,
			);
			path = Rest;
			sourceTree = "<group>";
		};
		04FDC860230BA1030038CCFE /* Repo */ = {
			isa = PBXGroup;
			children = (
				04FDC861230BA15B0038CCFE /* CLAppVersionRepo.swift */,
				04FDC86B230BA7A10038CCFE /* CLLocalizationRepo.swift */,
			);
			path = Repo;
			sourceTree = "<group>";
		};
		04FDC863230BA2C30038CCFE /* Model */ = {
			isa = PBXGroup;
			children = (
				04FDC864230BA2F60038CCFE /* CLAppVersion.swift */,
				04FDC866230BA3650038CCFE /* CLLJLocalization.swift */,
			);
			path = Model;
			sourceTree = "<group>";
		};
		04FDC868230BA4DB0038CCFE /* ext */ = {
			isa = PBXGroup;
			children = (
				04FDC869230BA4E90038CCFE /* Observable+.swift */,
			);
			path = ext;
			sourceTree = "<group>";
		};
		04FDC86D230BA8B10038CCFE /* util */ = {
			isa = PBXGroup;
			children = (
				04FDC86E230BA8C90038CCFE /* CLUtility.swift */,
				04FDC870230BAB1B0038CCFE /* CLUserDefaults.swift */,
			);
			path = util;
			sourceTree = "<group>";
		};
		04FDC874230BBE590038CCFE /* RestLocalization */ = {
			isa = PBXGroup;
			children = (
				04FDC875230BBEE50038CCFE /* RestLocalization.storyboard */,
				04FDC877230BBF050038CCFE /* RestLocalizationVC.swift */,
			);
			path = RestLocalization;
			sourceTree = "<group>";
		};
		04FDC879230BC3550038CCFE /* Realm */ = {
			isa = PBXGroup;
			children = (
				04FDC87C230BC3B40038CCFE /* CLLRealmLJ.swift */,
			);
			path = Realm;
			sourceTree = "<group>";
		};
		04FDC8DD230E60D70038CCFE /* QRGenerator */ = {
			isa = PBXGroup;
			children = (
				04FDC8DE230E60F50038CCFE /* QRGenerator.storyboard */,
				04FDC8E0230E61280038CCFE /* QRGeneratorVC.swift */,
			);
			path = QRGenerator;
			sourceTree = "<group>";
		};
		04FDC8E5230E73890038CCFE /* res */ = {
			isa = PBXGroup;
			children = (
				04FDC8E6230E738E0038CCFE /* key */,
			);
			path = res;
			sourceTree = "<group>";
		};
		04FDC8E6230E738E0038CCFE /* key */ = {
			isa = PBXGroup;
			children = (
				EE08A823230F055500AAB09E /* private.pem */,
				EE08A824230F055500AAB09E /* public.pem */,
			);
			path = key;
			sourceTree = "<group>";
		};
		2E7414BBC7AD229FB1B0166B /* Frameworks */ = {
			isa = PBXGroup;
			children = (
				BF8F796D578F90B34199A3BE /* Pods_testProject.framework */,
			);
			name = Frameworks;
			sourceTree = "<group>";
		};
		A3D20955AF19EE4EEB29DC03 /* Pods */ = {
			isa = PBXGroup;
			children = (
				DB01042FD8ECF3025A937189 /* Pods-testProject.debug.xcconfig */,
				0225353375756B026A1B58D3 /* Pods-testProject.release.xcconfig */,
			);
			path = Pods;
			sourceTree = "<group>";
		};
		EE08A7FC230CF4E800AAB09E /* ScannerPassport */ = {
			isa = PBXGroup;
			children = (
				EE08A7FD230CF4F700AAB09E /* ScannerPassport.storyboard */,
				EE08A7FF230CF50A00AAB09E /* ScannerPassportVC.swift */,
			);
			path = ScannerPassport;
			sourceTree = "<group>";
		};
		EE08A801230D16A200AAB09E /* CameraComponent */ = {
			isa = PBXGroup;
			children = (
				EE08A802230D16B900AAB09E /* CameraComponent.xib */,
				EE08A804230D16E300AAB09E /* CameraComponent.swift */,
			);
			path = CameraComponent;
			sourceTree = "<group>";
		};
		EE08A806230D1A6A00AAB09E /* LJPassportScanner */ = {
			isa = PBXGroup;
			children = (
				EE08A808230D1A8C00AAB09E /* LJPassportScanner.xib */,
				EE08A80A230D1A9A00AAB09E /* LJPassportScanner.swift */,
			);
			path = LJPassportScanner;
			sourceTree = "<group>";
		};
		EE08A822230F050B00AAB09E /* LJQRGenerator */ = {
			isa = PBXGroup;
			children = (
				04FDC8E3230E68A50038CCFE /* Encryptor.swift */,
				EE08A8402310DBE300AAB09E /* LJQRGenerator.swift */,
				EE08A8492311808700AAB09E /* LJQRGeneratorAPI.swift */,
				EE08A84B2311815E00AAB09E /* LJQRGeneratorRepo.swift */,
			);
			path = LJQRGenerator;
			sourceTree = "<group>";
		};
		EE08A83B2310DB7600AAB09E /* QRGenerator */ = {
			isa = PBXGroup;
			children = (
			);
			path = QRGenerator;
			sourceTree = "<group>";
		};
		EE08A8642315331100AAB09E /* TouchID */ = {
			isa = PBXGroup;
			children = (
				EE08A8652315332300AAB09E /* TouchID.swift */,
			);
			path = TouchID;
			sourceTree = "<group>";
		};
		EE08A8672315353100AAB09E /* TouchID */ = {
			isa = PBXGroup;
			children = (
				EE08A8682315353E00AAB09E /* TouchID.storyboard */,
				EE08A86A2315354C00AAB09E /* TouchIDVC.swift */,
			);
			path = TouchID;
			sourceTree = "<group>";
		};
		EE3FA2C322FAE403004400A6 /* TransactionCell1 */ = {
			isa = PBXGroup;
			children = (
				EE3FA2C422FAE41D004400A6 /* TransactionCell1.xib */,
				EE3FA2C622FAE68C004400A6 /* TransactionCell1.swift */,
				04FDC8092306976D0038CCFE /* TransactionCell1VM.swift */,
			);
			path = TransactionCell1;
			sourceTree = "<group>";
		};
		EE3FA2C922FB1D22004400A6 /* OptionRadioCell1 */ = {
			isa = PBXGroup;
			children = (
				EE3FA2CA22FB1D40004400A6 /* OptionRadioCell1.swift */,
				EE3FA2CC22FB1D4E004400A6 /* OptionRadioCell1.xib */,
			);
			path = OptionRadioCell1;
			sourceTree = "<group>";
		};
		EE3FA2CE22FFC327004400A6 /* AdsCell1 */ = {
			isa = PBXGroup;
			children = (
				EE3FA2CF22FFC33C004400A6 /* AdsCell1.xib */,
				EE3FA2D122FFC34B004400A6 /* AdsCell1.swift */,
			);
			path = AdsCell1;
			sourceTree = "<group>";
		};
		EE3FA2D323012CE1004400A6 /* config */ = {
			isa = PBXGroup;
			children = (
				EE3FA2D423012CEF004400A6 /* Constants.swift */,
			);
			path = config;
			sourceTree = "<group>";
		};
		EE3FA2D623012D18004400A6 /* integrations */ = {
			isa = PBXGroup;
			children = (
				EE3FA2D723012D28004400A6 /* StripeIntegration.swift */,
			);
			path = integrations;
			sourceTree = "<group>";
		};
		EE42E8DA22F2465B00C469CC /* CoreDataEntity */ = {
			isa = PBXGroup;
			children = (
				EE42E8DB22F2467B00C469CC /* CoreDataEntity.xcdatamodeld */,
			);
			path = CoreDataEntity;
			sourceTree = "<group>";
		};
		EE42E8E722F38E1A00C469CC /* Notes */ = {
			isa = PBXGroup;
			children = (
				EE42E8E822F38E2900C469CC /* Notes.txt */,
			);
			path = Notes;
			sourceTree = "<group>";
		};
/* End PBXGroup section */

/* Begin PBXNativeTarget section */
		043EAC3422E9B0C6004F5594 /* testProject */ = {
			isa = PBXNativeTarget;
			buildConfigurationList = 043EAC4722E9B0C8004F5594 /* Build configuration list for PBXNativeTarget "testProject" */;
			buildPhases = (
				4F95F997E7695631C0356D7D /* [CP] Check Pods Manifest.lock */,
				043EAC3122E9B0C6004F5594 /* Sources */,
				043EAC3222E9B0C6004F5594 /* Frameworks */,
				043EAC3322E9B0C6004F5594 /* Resources */,
				043EAC5A22E9BB55004F5594 /* Embed Frameworks */,
				8316508F0B1204523A83ABAD /* [CP] Embed Pods Frameworks */,
			);
			buildRules = (
			);
			dependencies = (
			);
			name = testProject;
			productName = testProject;
			productReference = 043EAC3522E9B0C6004F5594 /* testProject.app */;
			productType = "com.apple.product-type.application";
		};
/* End PBXNativeTarget section */

/* Begin PBXProject section */
		043EAC2D22E9B0C6004F5594 /* Project object */ = {
			isa = PBXProject;
			attributes = {
				LastSwiftUpdateCheck = 1010;
				LastUpgradeCheck = 1010;
				ORGANIZATIONNAME = devops;
				TargetAttributes = {
					043EAC3422E9B0C6004F5594 = {
						CreatedOnToolsVersion = 10.1;
					};
				};
			};
			buildConfigurationList = 043EAC3022E9B0C6004F5594 /* Build configuration list for PBXProject "testProject" */;
			compatibilityVersion = "Xcode 9.3";
			developmentRegion = en;
			hasScannedForEncodings = 0;
			knownRegions = (
				en,
				Base,
			);
			mainGroup = 043EAC2C22E9B0C6004F5594;
			productRefGroup = 043EAC3622E9B0C6004F5594 /* Products */;
			projectDirPath = "";
			projectRoot = "";
			targets = (
				043EAC3422E9B0C6004F5594 /* testProject */,
			);
		};
/* End PBXProject section */

/* Begin PBXResourcesBuildPhase section */
		043EAC3322E9B0C6004F5594 /* Resources */ = {
			isa = PBXResourcesBuildPhase;
			buildActionMask = 2147483647;
			files = (
				046FC9032304F85400C1C805 /* SalesGraph.storyboard in Resources */,
				04FDC876230BBEE50038CCFE /* RestLocalization.storyboard in Resources */,
				04B231C522F124F3002824F4 /* Login.storyboard in Resources */,
				04FDC81A230A7B960038CCFE /* SelectLanguage.xib in Resources */,
				04B231D122F12C33002824F4 /* YoutubeCell.xib in Resources */,
				046FC9132306426000C1C805 /* TransactionList.storyboard in Resources */,
				EE3FA2CD22FB1D4E004400A6 /* OptionRadioCell1.xib in Resources */,
				046FC9182306449100C1C805 /* TogglabbleOptions.xib in Resources */,
				04FDC823230A7D900038CCFE /* SelectLanguageCell1.xib in Resources */,
				04B231CA22F12A79002824F4 /* Dashboard.storyboard in Resources */,
				EE08A803230D16B900AAB09E /* CameraComponent.xib in Resources */,
				046FC8CB2302564400C1C805 /* QRScanning.storyboard in Resources */,
				04FDC804230692BC0038CCFE /* OverViewTransactionList.xib in Resources */,
				046FC908230505AB00C1C805 /* MyBarGraph.xib in Resources */,
				04FDC80F2306BD590038CCFE /* TransactionList.xib in Resources */,
				EE08A814230D2A9D00AAB09E /* tessdata in Resources */,
				EE08A825230F055500AAB09E /* private.pem in Resources */,
				04FDC7FD230669710038CCFE /* CalendarPicker.xib in Resources */,
				043EAC4322E9B0C8004F5594 /* LaunchScreen.storyboard in Resources */,
				EE42E8E922F38E2900C469CC /* Notes.txt in Resources */,
				04FDC82C230A99400038CCFE /* SelectLanguage.storyboard in Resources */,
				04FDC8DF230E60F50038CCFE /* QRGenerator.storyboard in Resources */,
				EE3FA2C522FAE41D004400A6 /* TransactionCell1.xib in Resources */,
				043EAC4022E9B0C8004F5594 /* Assets.xcassets in Resources */,
				04B231DD22F1625A002824F4 /* YoutubeCell1.xib in Resources */,
				EE08A8692315353E00AAB09E /* TouchID.storyboard in Resources */,
				043EAC3E22E9B0C6004F5594 /* Main.storyboard in Resources */,
				EE08A826230F055500AAB09E /* public.pem in Resources */,
				EE08A7FE230CF4F700AAB09E /* ScannerPassport.storyboard in Resources */,
				046FC8ED230394F600C1C805 /* QRScannerView.xib in Resources */,
				EE08A809230D1A8C00AAB09E /* LJPassportScanner.xib in Resources */,
				EE3FA2D022FFC33C004400A6 /* AdsCell1.xib in Resources */,
			);
			runOnlyForDeploymentPostprocessing = 0;
		};
/* End PBXResourcesBuildPhase section */

/* Begin PBXShellScriptBuildPhase section */
		4F95F997E7695631C0356D7D /* [CP] Check Pods Manifest.lock */ = {
			isa = PBXShellScriptBuildPhase;
			buildActionMask = 2147483647;
			files = (
			);
			inputFileListPaths = (
			);
			inputPaths = (
				"${PODS_PODFILE_DIR_PATH}/Podfile.lock",
				"${PODS_ROOT}/Manifest.lock",
			);
			name = "[CP] Check Pods Manifest.lock";
			outputFileListPaths = (
			);
			outputPaths = (
				"$(DERIVED_FILE_DIR)/Pods-testProject-checkManifestLockResult.txt",
			);
			runOnlyForDeploymentPostprocessing = 0;
			shellPath = /bin/sh;
			shellScript = "diff \"${PODS_PODFILE_DIR_PATH}/Podfile.lock\" \"${PODS_ROOT}/Manifest.lock\" > /dev/null\nif [ $? != 0 ] ; then\n    # print error to STDERR\n    echo \"error: The sandbox is not in sync with the Podfile.lock. Run 'pod install' or update your CocoaPods installation.\" >&2\n    exit 1\nfi\n# This output is used by Xcode 'outputs' to avoid re-running this script phase.\necho \"SUCCESS\" > \"${SCRIPT_OUTPUT_FILE_0}\"\n";
			showEnvVarsInLog = 0;
		};
		8316508F0B1204523A83ABAD /* [CP] Embed Pods Frameworks */ = {
			isa = PBXShellScriptBuildPhase;
			buildActionMask = 2147483647;
			files = (
			);
			inputFileListPaths = (
				"${PODS_ROOT}/Target Support Files/Pods-testProject/Pods-testProject-frameworks-${CONFIGURATION}-input-files.xcfilelist",
			);
			name = "[CP] Embed Pods Frameworks";
			outputFileListPaths = (
				"${PODS_ROOT}/Target Support Files/Pods-testProject/Pods-testProject-frameworks-${CONFIGURATION}-output-files.xcfilelist",
			);
			runOnlyForDeploymentPostprocessing = 0;
			shellPath = /bin/sh;
			shellScript = "\"${PODS_ROOT}/Target Support Files/Pods-testProject/Pods-testProject-frameworks.sh\"\n";
			showEnvVarsInLog = 0;
		};
/* End PBXShellScriptBuildPhase section */

/* Begin PBXSourcesBuildPhase section */
		043EAC3122E9B0C6004F5594 /* Sources */ = {
			isa = PBXSourcesBuildPhase;
			buildActionMask = 2147483647;
			files = (
				04B231CF22F12C20002824F4 /* YoutubeCollectionViewCell.swift in Sources */,
				04FDC85F230B9FF70038CCFE /* API.swift in Sources */,
				04B231C722F12521002824F4 /* ForgotPasswordViewController.swift in Sources */,
				04FDC86C230BA7A10038CCFE /* CLLocalizationRepo.swift in Sources */,
				EE08A8662315332300AAB09E /* TouchID.swift in Sources */,
				04FDC87D230BC3B40038CCFE /* CLLRealmLJ.swift in Sources */,
				04FDC815230A3D840038CCFE /* AllTransactionListVC.swift in Sources */,
				EE3FA2D823012D28004400A6 /* StripeIntegration.swift in Sources */,
				04FDC80A2306976D0038CCFE /* TransactionCell1VM.swift in Sources */,
				043EAC5522E9B458004F5594 /* MainPresenter.swift in Sources */,
				046FC8EF2303950F00C1C805 /* QRScannerView.swift in Sources */,
				046FC915230642A100C1C805 /* TransactionListVC.swift in Sources */,
				04B231E422F166A8002824F4 /* UITableView+.swift in Sources */,
				04FDC878230BBF050038CCFE /* RestLocalizationVC.swift in Sources */,
				04FDC86F230BA8C90038CCFE /* CLUtility.swift in Sources */,
				04FDC873230BBB910038CCFE /* MainCLLLocalizationLJ.swift in Sources */,
				04FDC8062306941C0038CCFE /* OverViewTransactionList.swift in Sources */,
				043EAC3B22E9B0C6004F5594 /* ViewController.swift in Sources */,
				EE08A800230CF50A00AAB09E /* ScannerPassportVC.swift in Sources */,
				04FDC865230BA2F60038CCFE /* CLAppVersion.swift in Sources */,
				04FDC8112306BD6A0038CCFE /* TransactionList.swift in Sources */,
				046FC90E2305126200C1C805 /* SalesGraphVCView.swift in Sources */,
				04FDC86A230BA4E90038CCFE /* Observable+.swift in Sources */,
				04FDC8E1230E61280038CCFE /* QRGeneratorVC.swift in Sources */,
				EE3FA2D523012CEF004400A6 /* Constants.swift in Sources */,
				04FDC82E230A998B0038CCFE /* SelectLanguageVC.swift in Sources */,
				EE3FA2D222FFC34B004400A6 /* AdsCell1.swift in Sources */,
				04FDC871230BAB1B0038CCFE /* CLUserDefaults.swift in Sources */,
				04FDC827230A7E8C0038CCFE /* SelectLanguageCell1.swift in Sources */,
				04FDC8082306951A0038CCFE /* OverviewTransactionListVM.swift in Sources */,
				043EAC5122E9B2D2004F5594 /* PresentationAssembly.swift in Sources */,
				046FC91C2306472200C1C805 /* TogglabbleOptionsVM.swift in Sources */,
				04B231F422F19A30002824F4 /* CoreDataHelpers.swift in Sources */,
				04B231D322F13200002824F4 /* HomeViewController.swift in Sources */,
				046FC8AA22FBE99E00C1C805 /* SQLiteHelpers.swift in Sources */,
				046FC8CD2302565600C1C805 /* QRScanningViewController.swift in Sources */,
				043EAC5722E9B49F004F5594 /* BaseView.swift in Sources */,
				04FDC829230A7F460038CCFE /* SelectLanguageCell1VM.swift in Sources */,
				04FDC81E230A7C880038CCFE /* SelectLanguageVM.swift in Sources */,
				EE42E8DF22F2491B00C469CC /* DashboardViewPresenter.swift in Sources */,
				046FC91A230644A700C1C805 /* TogglabbleOptions.swift in Sources */,
				04FDC8E4230E68A50038CCFE /* Encryptor.swift in Sources */,
				04FDC867230BA3650038CCFE /* CLLJLocalization.swift in Sources */,
				04B231F222F19210002824F4 /* UserModel.swift in Sources */,
				04FDC813230A2D0B0038CCFE /* TransactionListVM.swift in Sources */,
				043EAC3922E9B0C6004F5594 /* AppDelegate.swift in Sources */,
				04B231C322F124D5002824F4 /* LoginVViewController.swift in Sources */,
				EE08A805230D16E300AAB09E /* CameraComponent.swift in Sources */,
				04FDC80C230699CE0038CCFE /* TransactionListDisplayVC.swift in Sources */,
				04B231E622F1682F002824F4 /* String+.swift in Sources */,
				EE42E8DD22F2467B00C469CC /* CoreDataEntity.xcdatamodeld in Sources */,
				046FC8AD22FD408800C1C805 /* CategoryRModel.swift in Sources */,
				EE08A84A2311808700AAB09E /* LJQRGeneratorAPI.swift in Sources */,
				04B231E222F1656F002824F4 /* ToWatchViewController.swift in Sources */,
				04B2320022F2D07B002824F4 /* AlamofireHelper.swift in Sources */,
				04FDC8012306845F0038CCFE /* CalendarPickerVM.swift in Sources */,
				04FDC862230BA15B0038CCFE /* CLAppVersionRepo.swift in Sources */,
				046FC8FB2303BF4E00C1C805 /* UIView+.swift in Sources */,
				EE08A80B230D1A9A00AAB09E /* LJPassportScanner.swift in Sources */,
				04B231DF22F16290002824F4 /* YoutubeCell1.swift in Sources */,
				EE08A86B2315354C00AAB09E /* TouchIDVC.swift in Sources */,
				046FC90C2305064E00C1C805 /* MyBarGraphViewModel.swift in Sources */,
				EE08A8412310DBE300AAB09E /* LJQRGenerator.swift in Sources */,
				EE3FA2DD23013842004400A6 /* QRScannerHelper.swift in Sources */,
				EE3FA2CB22FB1D40004400A6 /* OptionRadioCell1.swift in Sources */,
				043EAC4F22E9B289004F5594 /* AppAssembler.swift in Sources */,
				04FDC7FF230669950038CCFE /* CalendarPicker.swift in Sources */,
				EE3FA2C722FAE68C004400A6 /* TransactionCell1.swift in Sources */,
				04B231F822F19A48002824F4 /* UserDefaultsHelpers.swift in Sources */,
				EE3FA2E9230233CB004400A6 /* PushNotificationHelpers.swift in Sources */,
				04B231FA22F19A5B002824F4 /* KeychainHelpers.swift in Sources */,
				04FDC81C230A7BCD0038CCFE /* SelectLanguage.swift in Sources */,
				046FC90A230505F800C1C805 /* MyBarGraph.swift in Sources */,
				EE08A84C2311815E00AAB09E /* LJQRGeneratorRepo.swift in Sources */,
				04B231DA22F13651002824F4 /* UICollectionView+.swift in Sources */,
				04B231D622F1349C002824F4 /* VideosModel.swift in Sources */,
				04B231F622F19A3E002824F4 /* RealmHelpers.swift in Sources */,
			);
			runOnlyForDeploymentPostprocessing = 0;
		};
/* End PBXSourcesBuildPhase section */

/* Begin PBXVariantGroup section */
		043EAC3C22E9B0C6004F5594 /* Main.storyboard */ = {
			isa = PBXVariantGroup;
			children = (
				043EAC3D22E9B0C6004F5594 /* Base */,
			);
			name = Main.storyboard;
			sourceTree = "<group>";
		};
		043EAC4122E9B0C8004F5594 /* LaunchScreen.storyboard */ = {
			isa = PBXVariantGroup;
			children = (
				043EAC4222E9B0C8004F5594 /* Base */,
			);
			name = LaunchScreen.storyboard;
			sourceTree = "<group>";
		};
/* End PBXVariantGroup section */

/* Begin XCBuildConfiguration section */
		043EAC4522E9B0C8004F5594 /* Debug */ = {
			isa = XCBuildConfiguration;
			buildSettings = {
				ALWAYS_SEARCH_USER_PATHS = NO;
				CLANG_ANALYZER_NONNULL = YES;
				CLANG_ANALYZER_NUMBER_OBJECT_CONVERSION = YES_AGGRESSIVE;
				CLANG_CXX_LANGUAGE_STANDARD = "gnu++14";
				CLANG_CXX_LIBRARY = "libc++";
				CLANG_ENABLE_MODULES = YES;
				CLANG_ENABLE_OBJC_ARC = YES;
				CLANG_ENABLE_OBJC_WEAK = YES;
				CLANG_WARN_BLOCK_CAPTURE_AUTORELEASING = YES;
				CLANG_WARN_BOOL_CONVERSION = YES;
				CLANG_WARN_COMMA = YES;
				CLANG_WARN_CONSTANT_CONVERSION = YES;
				CLANG_WARN_DEPRECATED_OBJC_IMPLEMENTATIONS = YES;
				CLANG_WARN_DIRECT_OBJC_ISA_USAGE = YES_ERROR;
				CLANG_WARN_DOCUMENTATION_COMMENTS = YES;
				CLANG_WARN_EMPTY_BODY = YES;
				CLANG_WARN_ENUM_CONVERSION = YES;
				CLANG_WARN_INFINITE_RECURSION = YES;
				CLANG_WARN_INT_CONVERSION = YES;
				CLANG_WARN_NON_LITERAL_NULL_CONVERSION = YES;
				CLANG_WARN_OBJC_IMPLICIT_RETAIN_SELF = YES;
				CLANG_WARN_OBJC_LITERAL_CONVERSION = YES;
				CLANG_WARN_OBJC_ROOT_CLASS = YES_ERROR;
				CLANG_WARN_RANGE_LOOP_ANALYSIS = YES;
				CLANG_WARN_STRICT_PROTOTYPES = YES;
				CLANG_WARN_SUSPICIOUS_MOVE = YES;
				CLANG_WARN_UNGUARDED_AVAILABILITY = YES_AGGRESSIVE;
				CLANG_WARN_UNREACHABLE_CODE = YES;
				CLANG_WARN__DUPLICATE_METHOD_MATCH = YES;
				CODE_SIGN_IDENTITY = "iPhone Developer";
				COPY_PHASE_STRIP = NO;
				DEBUG_INFORMATION_FORMAT = dwarf;
				ENABLE_STRICT_OBJC_MSGSEND = YES;
				ENABLE_TESTABILITY = YES;
				GCC_C_LANGUAGE_STANDARD = gnu11;
				GCC_DYNAMIC_NO_PIC = NO;
				GCC_NO_COMMON_BLOCKS = YES;
				GCC_OPTIMIZATION_LEVEL = 0;
				GCC_PREPROCESSOR_DEFINITIONS = (
					"DEBUG=1",
					"$(inherited)",
				);
				GCC_WARN_64_TO_32_BIT_CONVERSION = YES;
				GCC_WARN_ABOUT_RETURN_TYPE = YES_ERROR;
				GCC_WARN_UNDECLARED_SELECTOR = YES;
				GCC_WARN_UNINITIALIZED_AUTOS = YES_AGGRESSIVE;
				GCC_WARN_UNUSED_FUNCTION = YES;
				GCC_WARN_UNUSED_VARIABLE = YES;
				IPHONEOS_DEPLOYMENT_TARGET = 12.1;
				MTL_ENABLE_DEBUG_INFO = INCLUDE_SOURCE;
				MTL_FAST_MATH = YES;
				ONLY_ACTIVE_ARCH = YES;
				SDKROOT = iphoneos;
				SWIFT_ACTIVE_COMPILATION_CONDITIONS = DEBUG;
				SWIFT_OPTIMIZATION_LEVEL = "-Onone";
			};
			name = Debug;
		};
		043EAC4622E9B0C8004F5594 /* Release */ = {
			isa = XCBuildConfiguration;
			buildSettings = {
				ALWAYS_SEARCH_USER_PATHS = NO;
				CLANG_ANALYZER_NONNULL = YES;
				CLANG_ANALYZER_NUMBER_OBJECT_CONVERSION = YES_AGGRESSIVE;
				CLANG_CXX_LANGUAGE_STANDARD = "gnu++14";
				CLANG_CXX_LIBRARY = "libc++";
				CLANG_ENABLE_MODULES = YES;
				CLANG_ENABLE_OBJC_ARC = YES;
				CLANG_ENABLE_OBJC_WEAK = YES;
				CLANG_WARN_BLOCK_CAPTURE_AUTORELEASING = YES;
				CLANG_WARN_BOOL_CONVERSION = YES;
				CLANG_WARN_COMMA = YES;
				CLANG_WARN_CONSTANT_CONVERSION = YES;
				CLANG_WARN_DEPRECATED_OBJC_IMPLEMENTATIONS = YES;
				CLANG_WARN_DIRECT_OBJC_ISA_USAGE = YES_ERROR;
				CLANG_WARN_DOCUMENTATION_COMMENTS = YES;
				CLANG_WARN_EMPTY_BODY = YES;
				CLANG_WARN_ENUM_CONVERSION = YES;
				CLANG_WARN_INFINITE_RECURSION = YES;
				CLANG_WARN_INT_CONVERSION = YES;
				CLANG_WARN_NON_LITERAL_NULL_CONVERSION = YES;
				CLANG_WARN_OBJC_IMPLICIT_RETAIN_SELF = YES;
				CLANG_WARN_OBJC_LITERAL_CONVERSION = YES;
				CLANG_WARN_OBJC_ROOT_CLASS = YES_ERROR;
				CLANG_WARN_RANGE_LOOP_ANALYSIS = YES;
				CLANG_WARN_STRICT_PROTOTYPES = YES;
				CLANG_WARN_SUSPICIOUS_MOVE = YES;
				CLANG_WARN_UNGUARDED_AVAILABILITY = YES_AGGRESSIVE;
				CLANG_WARN_UNREACHABLE_CODE = YES;
				CLANG_WARN__DUPLICATE_METHOD_MATCH = YES;
				CODE_SIGN_IDENTITY = "iPhone Developer";
				COPY_PHASE_STRIP = NO;
				DEBUG_INFORMATION_FORMAT = "dwarf-with-dsym";
				ENABLE_NS_ASSERTIONS = NO;
				ENABLE_STRICT_OBJC_MSGSEND = YES;
				GCC_C_LANGUAGE_STANDARD = gnu11;
				GCC_NO_COMMON_BLOCKS = YES;
				GCC_WARN_64_TO_32_BIT_CONVERSION = YES;
				GCC_WARN_ABOUT_RETURN_TYPE = YES_ERROR;
				GCC_WARN_UNDECLARED_SELECTOR = YES;
				GCC_WARN_UNINITIALIZED_AUTOS = YES_AGGRESSIVE;
				GCC_WARN_UNUSED_FUNCTION = YES;
				GCC_WARN_UNUSED_VARIABLE = YES;
				IPHONEOS_DEPLOYMENT_TARGET = 12.1;
				MTL_ENABLE_DEBUG_INFO = NO;
				MTL_FAST_MATH = YES;
				SDKROOT = iphoneos;
				SWIFT_COMPILATION_MODE = wholemodule;
				SWIFT_OPTIMIZATION_LEVEL = "-O";
				VALIDATE_PRODUCT = YES;
			};
			name = Release;
		};
		043EAC4822E9B0C8004F5594 /* Debug */ = {
			isa = XCBuildConfiguration;
			baseConfigurationReference = DB01042FD8ECF3025A937189 /* Pods-testProject.debug.xcconfig */;
			buildSettings = {
				ASSETCATALOG_COMPILER_APPICON_NAME = AppIcon;
				CODE_SIGN_STYLE = Automatic;
				DEVELOPMENT_TEAM = 93CXP6R5M8;
				FRAMEWORK_SEARCH_PATHS = (
					"$(inherited)",
					"$(PROJECT_DIR)/testProject/sdk",
				);
				INFOPLIST_FILE = testProject/Info.plist;
				LD_RUNPATH_SEARCH_PATHS = (
					"$(inherited)",
					"@executable_path/Frameworks",
				);
				PRODUCT_BUNDLE_IDENTIFIER = com.ldelacruz.testProject;
				PRODUCT_NAME = "$(TARGET_NAME)";
				SWIFT_VERSION = 4.2;
				TARGETED_DEVICE_FAMILY = 1;
			};
			name = Debug;
		};
		043EAC4922E9B0C8004F5594 /* Release */ = {
			isa = XCBuildConfiguration;
			baseConfigurationReference = 0225353375756B026A1B58D3 /* Pods-testProject.release.xcconfig */;
			buildSettings = {
				ASSETCATALOG_COMPILER_APPICON_NAME = AppIcon;
				CODE_SIGN_STYLE = Automatic;
				DEVELOPMENT_TEAM = 93CXP6R5M8;
				FRAMEWORK_SEARCH_PATHS = (
					"$(inherited)",
					"$(PROJECT_DIR)/testProject/sdk",
				);
				INFOPLIST_FILE = testProject/Info.plist;
				LD_RUNPATH_SEARCH_PATHS = (
					"$(inherited)",
					"@executable_path/Frameworks",
				);
				PRODUCT_BUNDLE_IDENTIFIER = com.ldelacruz.testProject;
				PRODUCT_NAME = "$(TARGET_NAME)";
				SWIFT_VERSION = 4.2;
				TARGETED_DEVICE_FAMILY = 1;
			};
			name = Release;
		};
/* End XCBuildConfiguration section */

/* Begin XCConfigurationList section */
		043EAC3022E9B0C6004F5594 /* Build configuration list for PBXProject "testProject" */ = {
			isa = XCConfigurationList;
			buildConfigurations = (
				043EAC4522E9B0C8004F5594 /* Debug */,
				043EAC4622E9B0C8004F5594 /* Release */,
			);
			defaultConfigurationIsVisible = 0;
			defaultConfigurationName = Release;
		};
		043EAC4722E9B0C8004F5594 /* Build configuration list for PBXNativeTarget "testProject" */ = {
			isa = XCConfigurationList;
			buildConfigurations = (
				043EAC4822E9B0C8004F5594 /* Debug */,
				043EAC4922E9B0C8004F5594 /* Release */,
			);
			defaultConfigurationIsVisible = 0;
			defaultConfigurationName = Release;
		};
/* End XCConfigurationList section */

/* Begin XCVersionGroup section */
		EE42E8DB22F2467B00C469CC /* CoreDataEntity.xcdatamodeld */ = {
			isa = XCVersionGroup;
			children = (
				EE42E8DC22F2467B00C469CC /* CoreDataEntity.xcdatamodel */,
			);
			currentVersion = EE42E8DC22F2467B00C469CC /* CoreDataEntity.xcdatamodel */;
			path = CoreDataEntity.xcdatamodeld;
			sourceTree = "<group>";
			versionGroupType = wrapper.xcdatamodel;
		};
/* End XCVersionGroup section */
	};
	rootObject = 043EAC2D22E9B0C6004F5594 /* Project object */;
}
