// !$*UTF8*$!
{
	archiveVersion = 1;
	classes = {
	};
	objectVersion = 50;
	objects = {

/* Begin PBXBuildFile section */
		043EAC3922E9B0C6004F5594 /* AppDelegate.swift in Sources */ = {isa = PBXBuildFile; fileRef = 043EAC3822E9B0C6004F5594 /* AppDelegate.swift */; };
		043EAC3B22E9B0C6004F5594 /* ViewController.swift in Sources */ = {isa = PBXBuildFile; fileRef = 043EAC3A22E9B0C6004F5594 /* ViewController.swift */; };
		043EAC3E22E9B0C6004F5594 /* Main.storyboard in Resources */ = {isa = PBXBuildFile; fileRef = 043EAC3C22E9B0C6004F5594 /* Main.storyboard */; };
		043EAC4022E9B0C8004F5594 /* Assets.xcassets in Resources */ = {isa = PBXBuildFile; fileRef = 043EAC3F22E9B0C8004F5594 /* Assets.xcassets */; };
		043EAC4322E9B0C8004F5594 /* LaunchScreen.storyboard in Resources */ = {isa = PBXBuildFile; fileRef = 043EAC4122E9B0C8004F5594 /* LaunchScreen.storyboard */; };
		043EAC4C22E9B131004F5594 /* BaseCodeAPI.framework in Frameworks */ = {isa = PBXBuildFile; fileRef = 043EAC4B22E9B131004F5594 /* BaseCodeAPI.framework */; };
		043EAC4F22E9B289004F5594 /* AppAssembler.swift in Sources */ = {isa = PBXBuildFile; fileRef = 043EAC4E22E9B289004F5594 /* AppAssembler.swift */; };
		043EAC5122E9B2D2004F5594 /* PresentationAssembly.swift in Sources */ = {isa = PBXBuildFile; fileRef = 043EAC5022E9B2D2004F5594 /* PresentationAssembly.swift */; };
		043EAC5522E9B458004F5594 /* MainPresenter.swift in Sources */ = {isa = PBXBuildFile; fileRef = 043EAC5422E9B458004F5594 /* MainPresenter.swift */; };
		043EAC5722E9B49F004F5594 /* BaseView.swift in Sources */ = {isa = PBXBuildFile; fileRef = 043EAC5622E9B49F004F5594 /* BaseView.swift */; };
		043EAC5822E9BB54004F5594 /* BaseCodeAPI.framework in Frameworks */ = {isa = PBXBuildFile; fileRef = 043EAC4B22E9B131004F5594 /* BaseCodeAPI.framework */; };
		043EAC5922E9BB54004F5594 /* BaseCodeAPI.framework in Embed Frameworks */ = {isa = PBXBuildFile; fileRef = 043EAC4B22E9B131004F5594 /* BaseCodeAPI.framework */; settings = {ATTRIBUTES = (CodeSignOnCopy, RemoveHeadersOnCopy, ); }; };
		046FC8AA22FBE99E00C1C805 /* SQLiteHelpers.swift in Sources */ = {isa = PBXBuildFile; fileRef = 046FC8A922FBE99E00C1C805 /* SQLiteHelpers.swift */; };
		046FC8AD22FD408800C1C805 /* CategoryRModel.swift in Sources */ = {isa = PBXBuildFile; fileRef = 046FC8AC22FD408800C1C805 /* CategoryRModel.swift */; };
		046FC8CB2302564400C1C805 /* QRScanning.storyboard in Resources */ = {isa = PBXBuildFile; fileRef = 046FC8CA2302564400C1C805 /* QRScanning.storyboard */; };
		046FC8CD2302565600C1C805 /* QRScanningViewController.swift in Sources */ = {isa = PBXBuildFile; fileRef = 046FC8CC2302565600C1C805 /* QRScanningViewController.swift */; };
		046FC8D62302610F00C1C805 /* MVisaQRParser.framework in Frameworks */ = {isa = PBXBuildFile; fileRef = EE3FA2E623015F1A004400A6 /* MVisaQRParser.framework */; };
		046FC8D72302610F00C1C805 /* MVisaQRParser.framework in Embed Frameworks */ = {isa = PBXBuildFile; fileRef = EE3FA2E623015F1A004400A6 /* MVisaQRParser.framework */; settings = {ATTRIBUTES = (CodeSignOnCopy, RemoveHeadersOnCopy, ); }; };
		04B231C322F124D5002824F4 /* LoginVViewController.swift in Sources */ = {isa = PBXBuildFile; fileRef = 04B231C222F124D5002824F4 /* LoginVViewController.swift */; };
		04B231C522F124F3002824F4 /* Login.storyboard in Resources */ = {isa = PBXBuildFile; fileRef = 04B231C422F124F3002824F4 /* Login.storyboard */; };
		04B231C722F12521002824F4 /* ForgotPasswordViewController.swift in Sources */ = {isa = PBXBuildFile; fileRef = 04B231C622F12521002824F4 /* ForgotPasswordViewController.swift */; };
		04B231CA22F12A79002824F4 /* Dashboard.storyboard in Resources */ = {isa = PBXBuildFile; fileRef = 04B231C922F12A79002824F4 /* Dashboard.storyboard */; };
		04B231CF22F12C20002824F4 /* YoutubeCollectionViewCell.swift in Sources */ = {isa = PBXBuildFile; fileRef = 04B231CE22F12C20002824F4 /* YoutubeCollectionViewCell.swift */; };
		04B231D122F12C33002824F4 /* YoutubeCell.xib in Resources */ = {isa = PBXBuildFile; fileRef = 04B231D022F12C33002824F4 /* YoutubeCell.xib */; };
		04B231D322F13200002824F4 /* HomeViewController.swift in Sources */ = {isa = PBXBuildFile; fileRef = 04B231D222F13200002824F4 /* HomeViewController.swift */; };
		04B231D622F1349C002824F4 /* VideosModel.swift in Sources */ = {isa = PBXBuildFile; fileRef = 04B231D522F1349C002824F4 /* VideosModel.swift */; };
		04B231DA22F13651002824F4 /* UICollectionView+.swift in Sources */ = {isa = PBXBuildFile; fileRef = 04B231D922F13651002824F4 /* UICollectionView+.swift */; };
		04B231DD22F1625A002824F4 /* YoutubeCell1.xib in Resources */ = {isa = PBXBuildFile; fileRef = 04B231DC22F1625A002824F4 /* YoutubeCell1.xib */; };
		04B231DF22F16290002824F4 /* YoutubeCell1.swift in Sources */ = {isa = PBXBuildFile; fileRef = 04B231DE22F16290002824F4 /* YoutubeCell1.swift */; };
		04B231E222F1656F002824F4 /* ToWatchViewController.swift in Sources */ = {isa = PBXBuildFile; fileRef = 04B231E122F1656F002824F4 /* ToWatchViewController.swift */; };
		04B231E422F166A8002824F4 /* UITableView+.swift in Sources */ = {isa = PBXBuildFile; fileRef = 04B231E322F166A8002824F4 /* UITableView+.swift */; };
		04B231E622F1682F002824F4 /* String+.swift in Sources */ = {isa = PBXBuildFile; fileRef = 04B231E522F1682F002824F4 /* String+.swift */; };
		04B231F222F19210002824F4 /* UserModel.swift in Sources */ = {isa = PBXBuildFile; fileRef = 04B231F122F19210002824F4 /* UserModel.swift */; };
		04B231F422F19A30002824F4 /* CoreDataHelpers.swift in Sources */ = {isa = PBXBuildFile; fileRef = 04B231F322F19A30002824F4 /* CoreDataHelpers.swift */; };
		04B231F622F19A3E002824F4 /* RealmHelpers.swift in Sources */ = {isa = PBXBuildFile; fileRef = 04B231F522F19A3E002824F4 /* RealmHelpers.swift */; };
		04B231F822F19A48002824F4 /* UserDefaultsHelpers.swift in Sources */ = {isa = PBXBuildFile; fileRef = 04B231F722F19A48002824F4 /* UserDefaultsHelpers.swift */; };
		04B231FA22F19A5B002824F4 /* KeychainHelpers.swift in Sources */ = {isa = PBXBuildFile; fileRef = 04B231F922F19A5B002824F4 /* KeychainHelpers.swift */; };
		04B2320022F2D07B002824F4 /* AlamofireHelper.swift in Sources */ = {isa = PBXBuildFile; fileRef = 04B231FF22F2D07B002824F4 /* AlamofireHelper.swift */; };
		820E273619AD4D3D50598658 /* Pods_testProject.framework in Frameworks */ = {isa = PBXBuildFile; fileRef = 937D178DA7757B92CAF0986B /* Pods_testProject.framework */; };
		EE3FA2C522FAE41D004400A6 /* TransactionCell1.xib in Resources */ = {isa = PBXBuildFile; fileRef = EE3FA2C422FAE41D004400A6 /* TransactionCell1.xib */; };
		EE3FA2C722FAE68C004400A6 /* TransactionCell1.swift in Sources */ = {isa = PBXBuildFile; fileRef = EE3FA2C622FAE68C004400A6 /* TransactionCell1.swift */; };
		EE3FA2CB22FB1D40004400A6 /* OptionRadioCell1.swift in Sources */ = {isa = PBXBuildFile; fileRef = EE3FA2CA22FB1D40004400A6 /* OptionRadioCell1.swift */; };
		EE3FA2CD22FB1D4E004400A6 /* OptionRadioCell1.xib in Resources */ = {isa = PBXBuildFile; fileRef = EE3FA2CC22FB1D4E004400A6 /* OptionRadioCell1.xib */; };
		EE3FA2D022FFC33C004400A6 /* AdsCell1.xib in Resources */ = {isa = PBXBuildFile; fileRef = EE3FA2CF22FFC33C004400A6 /* AdsCell1.xib */; };
		EE3FA2D222FFC34B004400A6 /* AdsCell1.swift in Sources */ = {isa = PBXBuildFile; fileRef = EE3FA2D122FFC34B004400A6 /* AdsCell1.swift */; };
		EE3FA2D523012CEF004400A6 /* Constants.swift in Sources */ = {isa = PBXBuildFile; fileRef = EE3FA2D423012CEF004400A6 /* Constants.swift */; };
		EE3FA2D823012D28004400A6 /* StripeIntegration.swift in Sources */ = {isa = PBXBuildFile; fileRef = EE3FA2D723012D28004400A6 /* StripeIntegration.swift */; };
		EE3FA2DD23013842004400A6 /* QRScanner.swift in Sources */ = {isa = PBXBuildFile; fileRef = EE3FA2DC23013842004400A6 /* QRScanner.swift */; };
		EE3FA2E723015F1A004400A6 /* MVisaQRParser.framework in Frameworks */ = {isa = PBXBuildFile; fileRef = EE3FA2E623015F1A004400A6 /* MVisaQRParser.framework */; };
		EE3FA2E9230233CB004400A6 /* PushNotificationHelpers.swift in Sources */ = {isa = PBXBuildFile; fileRef = EE3FA2E8230233CB004400A6 /* PushNotificationHelpers.swift */; };
		EE42E8DD22F2467B00C469CC /* CoreDataEntity.xcdatamodeld in Sources */ = {isa = PBXBuildFile; fileRef = EE42E8DB22F2467B00C469CC /* CoreDataEntity.xcdatamodeld */; };
		EE42E8DF22F2491B00C469CC /* DashboardViewPresenter.swift in Sources */ = {isa = PBXBuildFile; fileRef = EE42E8DE22F2491B00C469CC /* DashboardViewPresenter.swift */; };
		EE42E8E922F38E2900C469CC /* Notes.txt in Resources */ = {isa = PBXBuildFile; fileRef = EE42E8E822F38E2900C469CC /* Notes.txt */; };
/* End PBXBuildFile section */

/* Begin PBXCopyFilesBuildPhase section */
		043EAC5A22E9BB55004F5594 /* Embed Frameworks */ = {
			isa = PBXCopyFilesBuildPhase;
			buildActionMask = 2147483647;
			dstPath = "";
			dstSubfolderSpec = 10;
			files = (
				043EAC5922E9BB54004F5594 /* BaseCodeAPI.framework in Embed Frameworks */,
				046FC8D72302610F00C1C805 /* MVisaQRParser.framework in Embed Frameworks */,
			);
			name = "Embed Frameworks";
			runOnlyForDeploymentPostprocessing = 0;
		};
/* End PBXCopyFilesBuildPhase section */

/* Begin PBXFileReference section */
		043EAC3522E9B0C6004F5594 /* testProject.app */ = {isa = PBXFileReference; explicitFileType = wrapper.application; includeInIndex = 0; path = testProject.app; sourceTree = BUILT_PRODUCTS_DIR; };
		043EAC3822E9B0C6004F5594 /* AppDelegate.swift */ = {isa = PBXFileReference; lastKnownFileType = sourcecode.swift; path = AppDelegate.swift; sourceTree = "<group>"; };
		043EAC3A22E9B0C6004F5594 /* ViewController.swift */ = {isa = PBXFileReference; lastKnownFileType = sourcecode.swift; path = ViewController.swift; sourceTree = "<group>"; };
		043EAC3D22E9B0C6004F5594 /* Base */ = {isa = PBXFileReference; lastKnownFileType = file.storyboard; name = Base; path = Base.lproj/Main.storyboard; sourceTree = "<group>"; };
		043EAC3F22E9B0C8004F5594 /* Assets.xcassets */ = {isa = PBXFileReference; lastKnownFileType = folder.assetcatalog; path = Assets.xcassets; sourceTree = "<group>"; };
		043EAC4222E9B0C8004F5594 /* Base */ = {isa = PBXFileReference; lastKnownFileType = file.storyboard; name = Base; path = Base.lproj/LaunchScreen.storyboard; sourceTree = "<group>"; };
		043EAC4422E9B0C8004F5594 /* Info.plist */ = {isa = PBXFileReference; lastKnownFileType = text.plist.xml; path = Info.plist; sourceTree = "<group>"; };
		043EAC4B22E9B131004F5594 /* BaseCodeAPI.framework */ = {isa = PBXFileReference; lastKnownFileType = wrapper.framework; path = BaseCodeAPI.framework; sourceTree = "<group>"; };
		043EAC4E22E9B289004F5594 /* AppAssembler.swift */ = {isa = PBXFileReference; lastKnownFileType = sourcecode.swift; path = AppAssembler.swift; sourceTree = "<group>"; };
		043EAC5022E9B2D2004F5594 /* PresentationAssembly.swift */ = {isa = PBXFileReference; lastKnownFileType = sourcecode.swift; path = PresentationAssembly.swift; sourceTree = "<group>"; };
		043EAC5422E9B458004F5594 /* MainPresenter.swift */ = {isa = PBXFileReference; lastKnownFileType = sourcecode.swift; path = MainPresenter.swift; sourceTree = "<group>"; };
		043EAC5622E9B49F004F5594 /* BaseView.swift */ = {isa = PBXFileReference; lastKnownFileType = sourcecode.swift; path = BaseView.swift; sourceTree = "<group>"; };
		046FC8A922FBE99E00C1C805 /* SQLiteHelpers.swift */ = {isa = PBXFileReference; lastKnownFileType = sourcecode.swift; path = SQLiteHelpers.swift; sourceTree = "<group>"; };
		046FC8AC22FD408800C1C805 /* CategoryRModel.swift */ = {isa = PBXFileReference; lastKnownFileType = sourcecode.swift; path = CategoryRModel.swift; sourceTree = "<group>"; };
		046FC8CA2302564400C1C805 /* QRScanning.storyboard */ = {isa = PBXFileReference; lastKnownFileType = file.storyboard; path = QRScanning.storyboard; sourceTree = "<group>"; };
		046FC8CC2302565600C1C805 /* QRScanningViewController.swift */ = {isa = PBXFileReference; lastKnownFileType = sourcecode.swift; path = QRScanningViewController.swift; sourceTree = "<group>"; };
		04B231C222F124D5002824F4 /* LoginVViewController.swift */ = {isa = PBXFileReference; fileEncoding = 4; lastKnownFileType = sourcecode.swift; path = LoginVViewController.swift; sourceTree = "<group>"; };
		04B231C422F124F3002824F4 /* Login.storyboard */ = {isa = PBXFileReference; lastKnownFileType = file.storyboard; path = Login.storyboard; sourceTree = "<group>"; };
		04B231C622F12521002824F4 /* ForgotPasswordViewController.swift */ = {isa = PBXFileReference; lastKnownFileType = sourcecode.swift; path = ForgotPasswordViewController.swift; sourceTree = "<group>"; };
		04B231C922F12A79002824F4 /* Dashboard.storyboard */ = {isa = PBXFileReference; lastKnownFileType = file.storyboard; path = Dashboard.storyboard; sourceTree = "<group>"; };
		04B231CE22F12C20002824F4 /* YoutubeCollectionViewCell.swift */ = {isa = PBXFileReference; lastKnownFileType = sourcecode.swift; path = YoutubeCollectionViewCell.swift; sourceTree = "<group>"; };
		04B231D022F12C33002824F4 /* YoutubeCell.xib */ = {isa = PBXFileReference; lastKnownFileType = file.xib; path = YoutubeCell.xib; sourceTree = "<group>"; };
		04B231D222F13200002824F4 /* HomeViewController.swift */ = {isa = PBXFileReference; lastKnownFileType = sourcecode.swift; path = HomeViewController.swift; sourceTree = "<group>"; };
		04B231D522F1349C002824F4 /* VideosModel.swift */ = {isa = PBXFileReference; lastKnownFileType = sourcecode.swift; path = VideosModel.swift; sourceTree = "<group>"; };
		04B231D922F13651002824F4 /* UICollectionView+.swift */ = {isa = PBXFileReference; lastKnownFileType = sourcecode.swift; path = "UICollectionView+.swift"; sourceTree = "<group>"; };
		04B231DC22F1625A002824F4 /* YoutubeCell1.xib */ = {isa = PBXFileReference; lastKnownFileType = file.xib; path = YoutubeCell1.xib; sourceTree = "<group>"; };
		04B231DE22F16290002824F4 /* YoutubeCell1.swift */ = {isa = PBXFileReference; lastKnownFileType = sourcecode.swift; path = YoutubeCell1.swift; sourceTree = "<group>"; };
		04B231E122F1656F002824F4 /* ToWatchViewController.swift */ = {isa = PBXFileReference; lastKnownFileType = sourcecode.swift; path = ToWatchViewController.swift; sourceTree = "<group>"; };
		04B231E322F166A8002824F4 /* UITableView+.swift */ = {isa = PBXFileReference; lastKnownFileType = sourcecode.swift; path = "UITableView+.swift"; sourceTree = "<group>"; };
		04B231E522F1682F002824F4 /* String+.swift */ = {isa = PBXFileReference; lastKnownFileType = sourcecode.swift; path = "String+.swift"; sourceTree = "<group>"; };
		04B231F122F19210002824F4 /* UserModel.swift */ = {isa = PBXFileReference; lastKnownFileType = sourcecode.swift; path = UserModel.swift; sourceTree = "<group>"; };
		04B231F322F19A30002824F4 /* CoreDataHelpers.swift */ = {isa = PBXFileReference; lastKnownFileType = sourcecode.swift; path = CoreDataHelpers.swift; sourceTree = "<group>"; };
		04B231F522F19A3E002824F4 /* RealmHelpers.swift */ = {isa = PBXFileReference; lastKnownFileType = sourcecode.swift; path = RealmHelpers.swift; sourceTree = "<group>"; };
		04B231F722F19A48002824F4 /* UserDefaultsHelpers.swift */ = {isa = PBXFileReference; lastKnownFileType = sourcecode.swift; path = UserDefaultsHelpers.swift; sourceTree = "<group>"; };
		04B231F922F19A5B002824F4 /* KeychainHelpers.swift */ = {isa = PBXFileReference; lastKnownFileType = sourcecode.swift; path = KeychainHelpers.swift; sourceTree = "<group>"; };
		04B231FF22F2D07B002824F4 /* AlamofireHelper.swift */ = {isa = PBXFileReference; lastKnownFileType = sourcecode.swift; path = AlamofireHelper.swift; sourceTree = "<group>"; };
		87B22A2428AC50EE8255C12E /* Pods-testProject.debug.xcconfig */ = {isa = PBXFileReference; includeInIndex = 1; lastKnownFileType = text.xcconfig; name = "Pods-testProject.debug.xcconfig"; path = "Pods/Target Support Files/Pods-testProject/Pods-testProject.debug.xcconfig"; sourceTree = "<group>"; };
		937D178DA7757B92CAF0986B /* Pods_testProject.framework */ = {isa = PBXFileReference; explicitFileType = wrapper.framework; includeInIndex = 0; path = Pods_testProject.framework; sourceTree = BUILT_PRODUCTS_DIR; };
		AFB05308FCF4F82BDBFAEF5E /* Pods-testProject.release.xcconfig */ = {isa = PBXFileReference; includeInIndex = 1; lastKnownFileType = text.xcconfig; name = "Pods-testProject.release.xcconfig"; path = "Pods/Target Support Files/Pods-testProject/Pods-testProject.release.xcconfig"; sourceTree = "<group>"; };
		EE3FA2C422FAE41D004400A6 /* TransactionCell1.xib */ = {isa = PBXFileReference; lastKnownFileType = file.xib; path = TransactionCell1.xib; sourceTree = "<group>"; };
		EE3FA2C622FAE68C004400A6 /* TransactionCell1.swift */ = {isa = PBXFileReference; lastKnownFileType = sourcecode.swift; path = TransactionCell1.swift; sourceTree = "<group>"; };
		EE3FA2CA22FB1D40004400A6 /* OptionRadioCell1.swift */ = {isa = PBXFileReference; lastKnownFileType = sourcecode.swift; path = OptionRadioCell1.swift; sourceTree = "<group>"; };
		EE3FA2CC22FB1D4E004400A6 /* OptionRadioCell1.xib */ = {isa = PBXFileReference; lastKnownFileType = file.xib; path = OptionRadioCell1.xib; sourceTree = "<group>"; };
		EE3FA2CF22FFC33C004400A6 /* AdsCell1.xib */ = {isa = PBXFileReference; lastKnownFileType = file.xib; path = AdsCell1.xib; sourceTree = "<group>"; };
		EE3FA2D122FFC34B004400A6 /* AdsCell1.swift */ = {isa = PBXFileReference; lastKnownFileType = sourcecode.swift; path = AdsCell1.swift; sourceTree = "<group>"; };
		EE3FA2D423012CEF004400A6 /* Constants.swift */ = {isa = PBXFileReference; lastKnownFileType = sourcecode.swift; path = Constants.swift; sourceTree = "<group>"; };
		EE3FA2D723012D28004400A6 /* StripeIntegration.swift */ = {isa = PBXFileReference; lastKnownFileType = sourcecode.swift; path = StripeIntegration.swift; sourceTree = "<group>"; };
		EE3FA2DC23013842004400A6 /* QRScanner.swift */ = {isa = PBXFileReference; lastKnownFileType = sourcecode.swift; path = QRScanner.swift; sourceTree = "<group>"; };
		EE3FA2E623015F1A004400A6 /* MVisaQRParser.framework */ = {isa = PBXFileReference; lastKnownFileType = wrapper.framework; path = MVisaQRParser.framework; sourceTree = "<group>"; };
		EE3FA2E8230233CB004400A6 /* PushNotificationHelpers.swift */ = {isa = PBXFileReference; lastKnownFileType = sourcecode.swift; path = PushNotificationHelpers.swift; sourceTree = "<group>"; };
		EE42E8DC22F2467B00C469CC /* CoreDataEntity.xcdatamodel */ = {isa = PBXFileReference; lastKnownFileType = wrapper.xcdatamodel; path = CoreDataEntity.xcdatamodel; sourceTree = "<group>"; };
		EE42E8DE22F2491B00C469CC /* DashboardViewPresenter.swift */ = {isa = PBXFileReference; lastKnownFileType = sourcecode.swift; path = DashboardViewPresenter.swift; sourceTree = "<group>"; };
		EE42E8E822F38E2900C469CC /* Notes.txt */ = {isa = PBXFileReference; lastKnownFileType = text; path = Notes.txt; sourceTree = "<group>"; };
/* End PBXFileReference section */

/* Begin PBXFrameworksBuildPhase section */
		043EAC3222E9B0C6004F5594 /* Frameworks */ = {
			isa = PBXFrameworksBuildPhase;
			buildActionMask = 2147483647;
			files = (
				043EAC4C22E9B131004F5594 /* BaseCodeAPI.framework in Frameworks */,
				046FC8D62302610F00C1C805 /* MVisaQRParser.framework in Frameworks */,
				043EAC5822E9BB54004F5594 /* BaseCodeAPI.framework in Frameworks */,
				EE3FA2E723015F1A004400A6 /* MVisaQRParser.framework in Frameworks */,
				820E273619AD4D3D50598658 /* Pods_testProject.framework in Frameworks */,
			);
			runOnlyForDeploymentPostprocessing = 0;
		};
/* End PBXFrameworksBuildPhase section */

/* Begin PBXGroup section */
		041C73A2269040344575A70E /* Frameworks */ = {
			isa = PBXGroup;
			children = (
				937D178DA7757B92CAF0986B /* Pods_testProject.framework */,
			);
			name = Frameworks;
			sourceTree = "<group>";
		};
		043EAC2C22E9B0C6004F5594 = {
			isa = PBXGroup;
			children = (
				043EAC3722E9B0C6004F5594 /* testProject */,
				043EAC3622E9B0C6004F5594 /* Products */,
				447F8475878E4ADBC085A178 /* Pods */,
				041C73A2269040344575A70E /* Frameworks */,
			);
			sourceTree = "<group>";
		};
		043EAC3622E9B0C6004F5594 /* Products */ = {
			isa = PBXGroup;
			children = (
				043EAC3522E9B0C6004F5594 /* testProject.app */,
			);
			name = Products;
			sourceTree = "<group>";
		};
		043EAC3722E9B0C6004F5594 /* testProject */ = {
			isa = PBXGroup;
			children = (
				EE3FA2DB23013833004400A6 /* hardware */,
				EE3FA2D623012D18004400A6 /* integrations */,
				EE3FA2D323012CE1004400A6 /* config */,
				EE42E8E722F38E1A00C469CC /* Notes */,
				04B231E722F1697B002824F4 /* helpers */,
				04B231D822F13642002824F4 /* extensions */,
				04B231D422F13486002824F4 /* Model */,
				043EAC5222E9B432004F5594 /* View */,
				043EAC4D22E9B208004F5594 /* dependency_injection */,
				043EAC4A22E9B0D3004F5594 /* sdk */,
				043EAC3822E9B0C6004F5594 /* AppDelegate.swift */,
				043EAC3F22E9B0C8004F5594 /* Assets.xcassets */,
				043EAC4122E9B0C8004F5594 /* LaunchScreen.storyboard */,
				043EAC4422E9B0C8004F5594 /* Info.plist */,
			);
			path = testProject;
			sourceTree = "<group>";
		};
		043EAC4A22E9B0D3004F5594 /* sdk */ = {
			isa = PBXGroup;
			children = (
				EE3FA2E623015F1A004400A6 /* MVisaQRParser.framework */,
				043EAC4B22E9B131004F5594 /* BaseCodeAPI.framework */,
			);
			path = sdk;
			sourceTree = "<group>";
		};
		043EAC4D22E9B208004F5594 /* dependency_injection */ = {
			isa = PBXGroup;
			children = (
				043EAC4E22E9B289004F5594 /* AppAssembler.swift */,
				043EAC5022E9B2D2004F5594 /* PresentationAssembly.swift */,
			);
			path = dependency_injection;
			sourceTree = "<group>";
		};
		043EAC5222E9B432004F5594 /* View */ = {
			isa = PBXGroup;
			children = (
				046FC8C92302563100C1C805 /* QRScanning */,
				04B231CB22F12BC7002824F4 /* CustomView */,
				04B231C822F12A69002824F4 /* Dashboard */,
				04B231C122F1248A002824F4 /* Login */,
				043EAC5322E9B437004F5594 /* Main */,
				043EAC5622E9B49F004F5594 /* BaseView.swift */,
			);
			path = View;
			sourceTree = "<group>";
		};
		043EAC5322E9B437004F5594 /* Main */ = {
			isa = PBXGroup;
			children = (
				043EAC3C22E9B0C6004F5594 /* Main.storyboard */,
				043EAC3A22E9B0C6004F5594 /* ViewController.swift */,
				043EAC5422E9B458004F5594 /* MainPresenter.swift */,
			);
			path = Main;
			sourceTree = "<group>";
		};
		046FC8C92302563100C1C805 /* QRScanning */ = {
			isa = PBXGroup;
			children = (
				046FC8CA2302564400C1C805 /* QRScanning.storyboard */,
				046FC8CC2302565600C1C805 /* QRScanningViewController.swift */,
			);
			path = QRScanning;
			sourceTree = "<group>";
		};
		04B231C122F1248A002824F4 /* Login */ = {
			isa = PBXGroup;
			children = (
				04B231C222F124D5002824F4 /* LoginVViewController.swift */,
				04B231C422F124F3002824F4 /* Login.storyboard */,
				04B231C622F12521002824F4 /* ForgotPasswordViewController.swift */,
			);
			path = Login;
			sourceTree = "<group>";
		};
		04B231C822F12A69002824F4 /* Dashboard */ = {
			isa = PBXGroup;
			children = (
				04B231C922F12A79002824F4 /* Dashboard.storyboard */,
				04B231D222F13200002824F4 /* HomeViewController.swift */,
				04B231E122F1656F002824F4 /* ToWatchViewController.swift */,
				EE42E8DE22F2491B00C469CC /* DashboardViewPresenter.swift */,
			);
			path = Dashboard;
			sourceTree = "<group>";
		};
		04B231CB22F12BC7002824F4 /* CustomView */ = {
			isa = PBXGroup;
			children = (
				04B231E022F16299002824F4 /* TableCell */,
				04B231CC22F12BD3002824F4 /* CollectionCell */,
			);
			path = CustomView;
			sourceTree = "<group>";
		};
		04B231CC22F12BD3002824F4 /* CollectionCell */ = {
			isa = PBXGroup;
			children = (
				04B231CD22F12BDD002824F4 /* YoutubeCell */,
			);
			path = CollectionCell;
			sourceTree = "<group>";
		};
		04B231CD22F12BDD002824F4 /* YoutubeCell */ = {
			isa = PBXGroup;
			children = (
				04B231CE22F12C20002824F4 /* YoutubeCollectionViewCell.swift */,
				04B231D022F12C33002824F4 /* YoutubeCell.xib */,
			);
			path = YoutubeCell;
			sourceTree = "<group>";
		};
		04B231D422F13486002824F4 /* Model */ = {
			isa = PBXGroup;
			children = (
				04B231D522F1349C002824F4 /* VideosModel.swift */,
				04B231F122F19210002824F4 /* UserModel.swift */,
			);
			path = Model;
			sourceTree = "<group>";
		};
		04B231D822F13642002824F4 /* extensions */ = {
			isa = PBXGroup;
			children = (
				04B231D922F13651002824F4 /* UICollectionView+.swift */,
				04B231E322F166A8002824F4 /* UITableView+.swift */,
				04B231E522F1682F002824F4 /* String+.swift */,
			);
			path = extensions;
			sourceTree = "<group>";
		};
		04B231DB22F1623B002824F4 /* YoutubeCell1 */ = {
			isa = PBXGroup;
			children = (
				04B231DC22F1625A002824F4 /* YoutubeCell1.xib */,
				04B231DE22F16290002824F4 /* YoutubeCell1.swift */,
			);
			path = YoutubeCell1;
			sourceTree = "<group>";
		};
		04B231E022F16299002824F4 /* TableCell */ = {
			isa = PBXGroup;
			children = (
				EE3FA2CE22FFC327004400A6 /* AdsCell1 */,
				EE3FA2C922FB1D22004400A6 /* OptionRadioCell1 */,
				EE3FA2C322FAE403004400A6 /* TransactionCell1 */,
				04B231DB22F1623B002824F4 /* YoutubeCell1 */,
			);
			path = TableCell;
			sourceTree = "<group>";
		};
		04B231E722F1697B002824F4 /* helpers */ = {
			isa = PBXGroup;
			children = (
				04B2320322F2E866002824F4 /* RealmEntities */,
				EE42E8DA22F2465B00C469CC /* CoreDataEntity */,
				04B231F322F19A30002824F4 /* CoreDataHelpers.swift */,
				04B231F522F19A3E002824F4 /* RealmHelpers.swift */,
				04B231F722F19A48002824F4 /* UserDefaultsHelpers.swift */,
				04B231F922F19A5B002824F4 /* KeychainHelpers.swift */,
				04B231FF22F2D07B002824F4 /* AlamofireHelper.swift */,
				046FC8A922FBE99E00C1C805 /* SQLiteHelpers.swift */,
				EE3FA2E8230233CB004400A6 /* PushNotificationHelpers.swift */,
			);
			path = helpers;
			sourceTree = "<group>";
		};
		04B2320322F2E866002824F4 /* RealmEntities */ = {
			isa = PBXGroup;
			children = (
				046FC8AC22FD408800C1C805 /* CategoryRModel.swift */,
			);
			path = RealmEntities;
			sourceTree = "<group>";
		};
		447F8475878E4ADBC085A178 /* Pods */ = {
			isa = PBXGroup;
			children = (
				87B22A2428AC50EE8255C12E /* Pods-testProject.debug.xcconfig */,
				AFB05308FCF4F82BDBFAEF5E /* Pods-testProject.release.xcconfig */,
			);
			name = Pods;
			sourceTree = "<group>";
		};
		EE3FA2C322FAE403004400A6 /* TransactionCell1 */ = {
			isa = PBXGroup;
			children = (
				EE3FA2C422FAE41D004400A6 /* TransactionCell1.xib */,
				EE3FA2C622FAE68C004400A6 /* TransactionCell1.swift */,
			);
			path = TransactionCell1;
			sourceTree = "<group>";
		};
		EE3FA2C922FB1D22004400A6 /* OptionRadioCell1 */ = {
			isa = PBXGroup;
			children = (
				EE3FA2CA22FB1D40004400A6 /* OptionRadioCell1.swift */,
				EE3FA2CC22FB1D4E004400A6 /* OptionRadioCell1.xib */,
			);
			path = OptionRadioCell1;
			sourceTree = "<group>";
		};
		EE3FA2CE22FFC327004400A6 /* AdsCell1 */ = {
			isa = PBXGroup;
			children = (
				EE3FA2CF22FFC33C004400A6 /* AdsCell1.xib */,
				EE3FA2D122FFC34B004400A6 /* AdsCell1.swift */,
			);
			path = AdsCell1;
			sourceTree = "<group>";
		};
		EE3FA2D323012CE1004400A6 /* config */ = {
			isa = PBXGroup;
			children = (
				EE3FA2D423012CEF004400A6 /* Constants.swift */,
			);
			path = config;
			sourceTree = "<group>";
		};
		EE3FA2D623012D18004400A6 /* integrations */ = {
			isa = PBXGroup;
			children = (
				EE3FA2D723012D28004400A6 /* StripeIntegration.swift */,
			);
			path = integrations;
			sourceTree = "<group>";
		};
		EE3FA2DB23013833004400A6 /* hardware */ = {
			isa = PBXGroup;
			children = (
				EE3FA2DC23013842004400A6 /* QRScanner.swift */,
			);
			path = hardware;
			sourceTree = "<group>";
		};
		EE42E8DA22F2465B00C469CC /* CoreDataEntity */ = {
			isa = PBXGroup;
			children = (
				EE42E8DB22F2467B00C469CC /* CoreDataEntity.xcdatamodeld */,
			);
			path = CoreDataEntity;
			sourceTree = "<group>";
		};
		EE42E8E722F38E1A00C469CC /* Notes */ = {
			isa = PBXGroup;
			children = (
				EE42E8E822F38E2900C469CC /* Notes.txt */,
			);
			path = Notes;
			sourceTree = "<group>";
		};
/* End PBXGroup section */

/* Begin PBXNativeTarget section */
		043EAC3422E9B0C6004F5594 /* testProject */ = {
			isa = PBXNativeTarget;
			buildConfigurationList = 043EAC4722E9B0C8004F5594 /* Build configuration list for PBXNativeTarget "testProject" */;
			buildPhases = (
				7BA3403764CC59130E2CCEC7 /* [CP] Check Pods Manifest.lock */,
				043EAC3122E9B0C6004F5594 /* Sources */,
				043EAC3222E9B0C6004F5594 /* Frameworks */,
				043EAC3322E9B0C6004F5594 /* Resources */,
				043EAC5A22E9BB55004F5594 /* Embed Frameworks */,
				CA93C4E70CE1E0A35603EDBC /* [CP] Embed Pods Frameworks */,
			);
			buildRules = (
			);
			dependencies = (
			);
			name = testProject;
			productName = testProject;
			productReference = 043EAC3522E9B0C6004F5594 /* testProject.app */;
			productType = "com.apple.product-type.application";
		};
/* End PBXNativeTarget section */

/* Begin PBXProject section */
		043EAC2D22E9B0C6004F5594 /* Project object */ = {
			isa = PBXProject;
			attributes = {
				LastSwiftUpdateCheck = 1010;
				LastUpgradeCheck = 1010;
				ORGANIZATIONNAME = devops;
				TargetAttributes = {
					043EAC3422E9B0C6004F5594 = {
						CreatedOnToolsVersion = 10.1;
					};
				};
			};
			buildConfigurationList = 043EAC3022E9B0C6004F5594 /* Build configuration list for PBXProject "testProject" */;
			compatibilityVersion = "Xcode 9.3";
			developmentRegion = en;
			hasScannedForEncodings = 0;
			knownRegions = (
				en,
				Base,
			);
			mainGroup = 043EAC2C22E9B0C6004F5594;
			productRefGroup = 043EAC3622E9B0C6004F5594 /* Products */;
			projectDirPath = "";
			projectRoot = "";
			targets = (
				043EAC3422E9B0C6004F5594 /* testProject */,
			);
		};
/* End PBXProject section */

/* Begin PBXResourcesBuildPhase section */
		043EAC3322E9B0C6004F5594 /* Resources */ = {
			isa = PBXResourcesBuildPhase;
			buildActionMask = 2147483647;
			files = (
				04B231C522F124F3002824F4 /* Login.storyboard in Resources */,
				04B231D122F12C33002824F4 /* YoutubeCell.xib in Resources */,
				EE3FA2CD22FB1D4E004400A6 /* OptionRadioCell1.xib in Resources */,
				04B231CA22F12A79002824F4 /* Dashboard.storyboard in Resources */,
				046FC8CB2302564400C1C805 /* QRScanning.storyboard in Resources */,
				043EAC4322E9B0C8004F5594 /* LaunchScreen.storyboard in Resources */,
				EE42E8E922F38E2900C469CC /* Notes.txt in Resources */,
				EE3FA2C522FAE41D004400A6 /* TransactionCell1.xib in Resources */,
				043EAC4022E9B0C8004F5594 /* Assets.xcassets in Resources */,
				04B231DD22F1625A002824F4 /* YoutubeCell1.xib in Resources */,
				043EAC3E22E9B0C6004F5594 /* Main.storyboard in Resources */,
				EE3FA2D022FFC33C004400A6 /* AdsCell1.xib in Resources */,
			);
			runOnlyForDeploymentPostprocessing = 0;
		};
/* End PBXResourcesBuildPhase section */

/* Begin PBXShellScriptBuildPhase section */
		7BA3403764CC59130E2CCEC7 /* [CP] Check Pods Manifest.lock */ = {
			isa = PBXShellScriptBuildPhase;
			buildActionMask = 2147483647;
			files = (
			);
			inputFileListPaths = (
			);
			inputPaths = (
				"${PODS_PODFILE_DIR_PATH}/Podfile.lock",
				"${PODS_ROOT}/Manifest.lock",
			);
			name = "[CP] Check Pods Manifest.lock";
			outputFileListPaths = (
			);
			outputPaths = (
				"$(DERIVED_FILE_DIR)/Pods-testProject-checkManifestLockResult.txt",
			);
			runOnlyForDeploymentPostprocessing = 0;
			shellPath = /bin/sh;
			shellScript = "diff \"${PODS_PODFILE_DIR_PATH}/Podfile.lock\" \"${PODS_ROOT}/Manifest.lock\" > /dev/null\nif [ $? != 0 ] ; then\n    # print error to STDERR\n    echo \"error: The sandbox is not in sync with the Podfile.lock. Run 'pod install' or update your CocoaPods installation.\" >&2\n    exit 1\nfi\n# This output is used by Xcode 'outputs' to avoid re-running this script phase.\necho \"SUCCESS\" > \"${SCRIPT_OUTPUT_FILE_0}\"\n";
			showEnvVarsInLog = 0;
		};
		CA93C4E70CE1E0A35603EDBC /* [CP] Embed Pods Frameworks */ = {
			isa = PBXShellScriptBuildPhase;
			buildActionMask = 2147483647;
			files = (
			);
			inputFileListPaths = (
			);
			inputPaths = (
				"${SRCROOT}/Pods/Target Support Files/Pods-testProject/Pods-testProject-frameworks.sh",
				"${BUILT_PRODUCTS_DIR}/Alamofire/Alamofire.framework",
				"${BUILT_PRODUCTS_DIR}/Fusuma/Fusuma.framework",
				"${BUILT_PRODUCTS_DIR}/GoogleUtilities/GoogleUtilities.framework",
				"${BUILT_PRODUCTS_DIR}/IQKeyboardManagerSwift/IQKeyboardManagerSwift.framework",
				"${BUILT_PRODUCTS_DIR}/Moya/Moya.framework",
				"${BUILT_PRODUCTS_DIR}/Moya-ObjectMapper/Moya_ObjectMapper.framework",
				"${BUILT_PRODUCTS_DIR}/ObjectMapper/ObjectMapper.framework",
				"${BUILT_PRODUCTS_DIR}/Protobuf/Protobuf.framework",
				"${BUILT_PRODUCTS_DIR}/Realm/Realm.framework",
				"${BUILT_PRODUCTS_DIR}/RealmSwift/RealmSwift.framework",
				"${BUILT_PRODUCTS_DIR}/Result/Result.framework",
				"${BUILT_PRODUCTS_DIR}/RxRealm/RxRealm.framework",
				"${BUILT_PRODUCTS_DIR}/RxSwift/RxSwift.framework",
				"${BUILT_PRODUCTS_DIR}/SwiftEventBus/SwiftEventBus.framework",
				"${BUILT_PRODUCTS_DIR}/SwiftKeychainWrapper/SwiftKeychainWrapper.framework",
				"${BUILT_PRODUCTS_DIR}/SwiftyRSA/SwiftyRSA.framework",
				"${BUILT_PRODUCTS_DIR}/Swinject/Swinject.framework",
				"${BUILT_PRODUCTS_DIR}/SwinjectAutoregistration/SwinjectAutoregistration.framework",
				"${BUILT_PRODUCTS_DIR}/SwinjectStoryboard/SwinjectStoryboard.framework",
				"${BUILT_PRODUCTS_DIR}/nanopb/nanopb.framework",
			);
			name = "[CP] Embed Pods Frameworks";
			outputFileListPaths = (
			);
			outputPaths = (
				"${TARGET_BUILD_DIR}/${FRAMEWORKS_FOLDER_PATH}/Alamofire.framework",
				"${TARGET_BUILD_DIR}/${FRAMEWORKS_FOLDER_PATH}/Fusuma.framework",
				"${TARGET_BUILD_DIR}/${FRAMEWORKS_FOLDER_PATH}/GoogleUtilities.framework",
				"${TARGET_BUILD_DIR}/${FRAMEWORKS_FOLDER_PATH}/IQKeyboardManagerSwift.framework",
				"${TARGET_BUILD_DIR}/${FRAMEWORKS_FOLDER_PATH}/Moya.framework",
				"${TARGET_BUILD_DIR}/${FRAMEWORKS_FOLDER_PATH}/Moya_ObjectMapper.framework",
				"${TARGET_BUILD_DIR}/${FRAMEWORKS_FOLDER_PATH}/ObjectMapper.framework",
				"${TARGET_BUILD_DIR}/${FRAMEWORKS_FOLDER_PATH}/Protobuf.framework",
				"${TARGET_BUILD_DIR}/${FRAMEWORKS_FOLDER_PATH}/Realm.framework",
				"${TARGET_BUILD_DIR}/${FRAMEWORKS_FOLDER_PATH}/RealmSwift.framework",
				"${TARGET_BUILD_DIR}/${FRAMEWORKS_FOLDER_PATH}/Result.framework",
				"${TARGET_BUILD_DIR}/${FRAMEWORKS_FOLDER_PATH}/RxRealm.framework",
				"${TARGET_BUILD_DIR}/${FRAMEWORKS_FOLDER_PATH}/RxSwift.framework",
				"${TARGET_BUILD_DIR}/${FRAMEWORKS_FOLDER_PATH}/SwiftEventBus.framework",
				"${TARGET_BUILD_DIR}/${FRAMEWORKS_FOLDER_PATH}/SwiftKeychainWrapper.framework",
				"${TARGET_BUILD_DIR}/${FRAMEWORKS_FOLDER_PATH}/SwiftyRSA.framework",
				"${TARGET_BUILD_DIR}/${FRAMEWORKS_FOLDER_PATH}/Swinject.framework",
				"${TARGET_BUILD_DIR}/${FRAMEWORKS_FOLDER_PATH}/SwinjectAutoregistration.framework",
				"${TARGET_BUILD_DIR}/${FRAMEWORKS_FOLDER_PATH}/SwinjectStoryboard.framework",
				"${TARGET_BUILD_DIR}/${FRAMEWORKS_FOLDER_PATH}/nanopb.framework",
			);
			runOnlyForDeploymentPostprocessing = 0;
			shellPath = /bin/sh;
			shellScript = "\"${SRCROOT}/Pods/Target Support Files/Pods-testProject/Pods-testProject-frameworks.sh\"\n";
			showEnvVarsInLog = 0;
		};
/* End PBXShellScriptBuildPhase section */

/* Begin PBXSourcesBuildPhase section */
		043EAC3122E9B0C6004F5594 /* Sources */ = {
			isa = PBXSourcesBuildPhase;
			buildActionMask = 2147483647;
			files = (
				04B231CF22F12C20002824F4 /* YoutubeCollectionViewCell.swift in Sources */,
				04B231C722F12521002824F4 /* ForgotPasswordViewController.swift in Sources */,
				EE3FA2D823012D28004400A6 /* StripeIntegration.swift in Sources */,
				043EAC5522E9B458004F5594 /* MainPresenter.swift in Sources */,
				04B231E422F166A8002824F4 /* UITableView+.swift in Sources */,
				043EAC3B22E9B0C6004F5594 /* ViewController.swift in Sources */,
				EE3FA2D523012CEF004400A6 /* Constants.swift in Sources */,
				EE3FA2D222FFC34B004400A6 /* AdsCell1.swift in Sources */,
				043EAC5122E9B2D2004F5594 /* PresentationAssembly.swift in Sources */,
				04B231F422F19A30002824F4 /* CoreDataHelpers.swift in Sources */,
				04B231D322F13200002824F4 /* HomeViewController.swift in Sources */,
				046FC8AA22FBE99E00C1C805 /* SQLiteHelpers.swift in Sources */,
				046FC8CD2302565600C1C805 /* QRScanningViewController.swift in Sources */,
				043EAC5722E9B49F004F5594 /* BaseView.swift in Sources */,
				EE42E8DF22F2491B00C469CC /* DashboardViewPresenter.swift in Sources */,
				04B231F222F19210002824F4 /* UserModel.swift in Sources */,
				043EAC3922E9B0C6004F5594 /* AppDelegate.swift in Sources */,
				04B231C322F124D5002824F4 /* LoginVViewController.swift in Sources */,
				04B231E622F1682F002824F4 /* String+.swift in Sources */,
				EE42E8DD22F2467B00C469CC /* CoreDataEntity.xcdatamodeld in Sources */,
				046FC8AD22FD408800C1C805 /* CategoryRModel.swift in Sources */,
				04B231E222F1656F002824F4 /* ToWatchViewController.swift in Sources */,
				04B2320022F2D07B002824F4 /* AlamofireHelper.swift in Sources */,
				04B231DF22F16290002824F4 /* YoutubeCell1.swift in Sources */,
				EE3FA2DD23013842004400A6 /* QRScanner.swift in Sources */,
				EE3FA2CB22FB1D40004400A6 /* OptionRadioCell1.swift in Sources */,
				043EAC4F22E9B289004F5594 /* AppAssembler.swift in Sources */,
				EE3FA2C722FAE68C004400A6 /* TransactionCell1.swift in Sources */,
				04B231F822F19A48002824F4 /* UserDefaultsHelpers.swift in Sources */,
				EE3FA2E9230233CB004400A6 /* PushNotificationHelpers.swift in Sources */,
				04B231FA22F19A5B002824F4 /* KeychainHelpers.swift in Sources */,
				04B231DA22F13651002824F4 /* UICollectionView+.swift in Sources */,
				04B231D622F1349C002824F4 /* VideosModel.swift in Sources */,
				04B231F622F19A3E002824F4 /* RealmHelpers.swift in Sources */,
			);
			runOnlyForDeploymentPostprocessing = 0;
		};
/* End PBXSourcesBuildPhase section */

/* Begin PBXVariantGroup section */
		043EAC3C22E9B0C6004F5594 /* Main.storyboard */ = {
			isa = PBXVariantGroup;
			children = (
				043EAC3D22E9B0C6004F5594 /* Base */,
			);
			name = Main.storyboard;
			sourceTree = "<group>";
		};
		043EAC4122E9B0C8004F5594 /* LaunchScreen.storyboard */ = {
			isa = PBXVariantGroup;
			children = (
				043EAC4222E9B0C8004F5594 /* Base */,
			);
			name = LaunchScreen.storyboard;
			sourceTree = "<group>";
		};
/* End PBXVariantGroup section */

/* Begin XCBuildConfiguration section */
		043EAC4522E9B0C8004F5594 /* Debug */ = {
			isa = XCBuildConfiguration;
			buildSettings = {
				ALWAYS_SEARCH_USER_PATHS = NO;
				CLANG_ANALYZER_NONNULL = YES;
				CLANG_ANALYZER_NUMBER_OBJECT_CONVERSION = YES_AGGRESSIVE;
				CLANG_CXX_LANGUAGE_STANDARD = "gnu++14";
				CLANG_CXX_LIBRARY = "libc++";
				CLANG_ENABLE_MODULES = YES;
				CLANG_ENABLE_OBJC_ARC = YES;
				CLANG_ENABLE_OBJC_WEAK = YES;
				CLANG_WARN_BLOCK_CAPTURE_AUTORELEASING = YES;
				CLANG_WARN_BOOL_CONVERSION = YES;
				CLANG_WARN_COMMA = YES;
				CLANG_WARN_CONSTANT_CONVERSION = YES;
				CLANG_WARN_DEPRECATED_OBJC_IMPLEMENTATIONS = YES;
				CLANG_WARN_DIRECT_OBJC_ISA_USAGE = YES_ERROR;
				CLANG_WARN_DOCUMENTATION_COMMENTS = YES;
				CLANG_WARN_EMPTY_BODY = YES;
				CLANG_WARN_ENUM_CONVERSION = YES;
				CLANG_WARN_INFINITE_RECURSION = YES;
				CLANG_WARN_INT_CONVERSION = YES;
				CLANG_WARN_NON_LITERAL_NULL_CONVERSION = YES;
				CLANG_WARN_OBJC_IMPLICIT_RETAIN_SELF = YES;
				CLANG_WARN_OBJC_LITERAL_CONVERSION = YES;
				CLANG_WARN_OBJC_ROOT_CLASS = YES_ERROR;
				CLANG_WARN_RANGE_LOOP_ANALYSIS = YES;
				CLANG_WARN_STRICT_PROTOTYPES = YES;
				CLANG_WARN_SUSPICIOUS_MOVE = YES;
				CLANG_WARN_UNGUARDED_AVAILABILITY = YES_AGGRESSIVE;
				CLANG_WARN_UNREACHABLE_CODE = YES;
				CLANG_WARN__DUPLICATE_METHOD_MATCH = YES;
				CODE_SIGN_IDENTITY = "iPhone Developer";
				COPY_PHASE_STRIP = NO;
				DEBUG_INFORMATION_FORMAT = dwarf;
				ENABLE_STRICT_OBJC_MSGSEND = YES;
				ENABLE_TESTABILITY = YES;
				GCC_C_LANGUAGE_STANDARD = gnu11;
				GCC_DYNAMIC_NO_PIC = NO;
				GCC_NO_COMMON_BLOCKS = YES;
				GCC_OPTIMIZATION_LEVEL = 0;
				GCC_PREPROCESSOR_DEFINITIONS = (
					"DEBUG=1",
					"$(inherited)",
				);
				GCC_WARN_64_TO_32_BIT_CONVERSION = YES;
				GCC_WARN_ABOUT_RETURN_TYPE = YES_ERROR;
				GCC_WARN_UNDECLARED_SELECTOR = YES;
				GCC_WARN_UNINITIALIZED_AUTOS = YES_AGGRESSIVE;
				GCC_WARN_UNUSED_FUNCTION = YES;
				GCC_WARN_UNUSED_VARIABLE = YES;
				IPHONEOS_DEPLOYMENT_TARGET = 12.1;
				MTL_ENABLE_DEBUG_INFO = INCLUDE_SOURCE;
				MTL_FAST_MATH = YES;
				ONLY_ACTIVE_ARCH = YES;
				SDKROOT = iphoneos;
				SWIFT_ACTIVE_COMPILATION_CONDITIONS = DEBUG;
				SWIFT_OPTIMIZATION_LEVEL = "-Onone";
			};
			name = Debug;
		};
		043EAC4622E9B0C8004F5594 /* Release */ = {
			isa = XCBuildConfiguration;
			buildSettings = {
				ALWAYS_SEARCH_USER_PATHS = NO;
				CLANG_ANALYZER_NONNULL = YES;
				CLANG_ANALYZER_NUMBER_OBJECT_CONVERSION = YES_AGGRESSIVE;
				CLANG_CXX_LANGUAGE_STANDARD = "gnu++14";
				CLANG_CXX_LIBRARY = "libc++";
				CLANG_ENABLE_MODULES = YES;
				CLANG_ENABLE_OBJC_ARC = YES;
				CLANG_ENABLE_OBJC_WEAK = YES;
				CLANG_WARN_BLOCK_CAPTURE_AUTORELEASING = YES;
				CLANG_WARN_BOOL_CONVERSION = YES;
				CLANG_WARN_COMMA = YES;
				CLANG_WARN_CONSTANT_CONVERSION = YES;
				CLANG_WARN_DEPRECATED_OBJC_IMPLEMENTATIONS = YES;
				CLANG_WARN_DIRECT_OBJC_ISA_USAGE = YES_ERROR;
				CLANG_WARN_DOCUMENTATION_COMMENTS = YES;
				CLANG_WARN_EMPTY_BODY = YES;
				CLANG_WARN_ENUM_CONVERSION = YES;
				CLANG_WARN_INFINITE_RECURSION = YES;
				CLANG_WARN_INT_CONVERSION = YES;
				CLANG_WARN_NON_LITERAL_NULL_CONVERSION = YES;
				CLANG_WARN_OBJC_IMPLICIT_RETAIN_SELF = YES;
				CLANG_WARN_OBJC_LITERAL_CONVERSION = YES;
				CLANG_WARN_OBJC_ROOT_CLASS = YES_ERROR;
				CLANG_WARN_RANGE_LOOP_ANALYSIS = YES;
				CLANG_WARN_STRICT_PROTOTYPES = YES;
				CLANG_WARN_SUSPICIOUS_MOVE = YES;
				CLANG_WARN_UNGUARDED_AVAILABILITY = YES_AGGRESSIVE;
				CLANG_WARN_UNREACHABLE_CODE = YES;
				CLANG_WARN__DUPLICATE_METHOD_MATCH = YES;
				CODE_SIGN_IDENTITY = "iPhone Developer";
				COPY_PHASE_STRIP = NO;
				DEBUG_INFORMATION_FORMAT = "dwarf-with-dsym";
				ENABLE_NS_ASSERTIONS = NO;
				ENABLE_STRICT_OBJC_MSGSEND = YES;
				GCC_C_LANGUAGE_STANDARD = gnu11;
				GCC_NO_COMMON_BLOCKS = YES;
				GCC_WARN_64_TO_32_BIT_CONVERSION = YES;
				GCC_WARN_ABOUT_RETURN_TYPE = YES_ERROR;
				GCC_WARN_UNDECLARED_SELECTOR = YES;
				GCC_WARN_UNINITIALIZED_AUTOS = YES_AGGRESSIVE;
				GCC_WARN_UNUSED_FUNCTION = YES;
				GCC_WARN_UNUSED_VARIABLE = YES;
				IPHONEOS_DEPLOYMENT_TARGET = 12.1;
				MTL_ENABLE_DEBUG_INFO = NO;
				MTL_FAST_MATH = YES;
				SDKROOT = iphoneos;
				SWIFT_COMPILATION_MODE = wholemodule;
				SWIFT_OPTIMIZATION_LEVEL = "-O";
				VALIDATE_PRODUCT = YES;
			};
			name = Release;
		};
		043EAC4822E9B0C8004F5594 /* Debug */ = {
			isa = XCBuildConfiguration;
			baseConfigurationReference = 87B22A2428AC50EE8255C12E /* Pods-testProject.debug.xcconfig */;
			buildSettings = {
				ASSETCATALOG_COMPILER_APPICON_NAME = AppIcon;
				CODE_SIGN_STYLE = Automatic;
				DEVELOPMENT_TEAM = FTF953N9JJ;
				FRAMEWORK_SEARCH_PATHS = (
					"$(inherited)",
					"$(PROJECT_DIR)/testProject/sdk",
				);
				INFOPLIST_FILE = testProject/Info.plist;
				LD_RUNPATH_SEARCH_PATHS = (
					"$(inherited)",
					"@executable_path/Frameworks",
				);
				PRODUCT_BUNDLE_IDENTIFIER = com.ldelacruz.testProject;
				PRODUCT_NAME = "$(TARGET_NAME)";
				SWIFT_VERSION = 4.2;
				TARGETED_DEVICE_FAMILY = 1;
			};
			name = Debug;
		};
		043EAC4922E9B0C8004F5594 /* Release */ = {
			isa = XCBuildConfiguration;
			baseConfigurationReference = AFB05308FCF4F82BDBFAEF5E /* Pods-testProject.release.xcconfig */;
			buildSettings = {
				ASSETCATALOG_COMPILER_APPICON_NAME = AppIcon;
				CODE_SIGN_STYLE = Automatic;
				DEVELOPMENT_TEAM = FTF953N9JJ;
				FRAMEWORK_SEARCH_PATHS = (
					"$(inherited)",
					"$(PROJECT_DIR)/testProject/sdk",
				);
				INFOPLIST_FILE = testProject/Info.plist;
				LD_RUNPATH_SEARCH_PATHS = (
					"$(inherited)",
					"@executable_path/Frameworks",
				);
				PRODUCT_BUNDLE_IDENTIFIER = com.ldelacruz.testProject;
				PRODUCT_NAME = "$(TARGET_NAME)";
				SWIFT_VERSION = 4.2;
				TARGETED_DEVICE_FAMILY = 1;
			};
			name = Release;
		};
/* End XCBuildConfiguration section */

/* Begin XCConfigurationList section */
		043EAC3022E9B0C6004F5594 /* Build configuration list for PBXProject "testProject" */ = {
			isa = XCConfigurationList;
			buildConfigurations = (
				043EAC4522E9B0C8004F5594 /* Debug */,
				043EAC4622E9B0C8004F5594 /* Release */,
			);
			defaultConfigurationIsVisible = 0;
			defaultConfigurationName = Release;
		};
		043EAC4722E9B0C8004F5594 /* Build configuration list for PBXNativeTarget "testProject" */ = {
			isa = XCConfigurationList;
			buildConfigurations = (
				043EAC4822E9B0C8004F5594 /* Debug */,
				043EAC4922E9B0C8004F5594 /* Release */,
			);
			defaultConfigurationIsVisible = 0;
			defaultConfigurationName = Release;
		};
/* End XCConfigurationList section */

/* Begin XCVersionGroup section */
		EE42E8DB22F2467B00C469CC /* CoreDataEntity.xcdatamodeld */ = {
			isa = XCVersionGroup;
			children = (
				EE42E8DC22F2467B00C469CC /* CoreDataEntity.xcdatamodel */,
			);
			currentVersion = EE42E8DC22F2467B00C469CC /* CoreDataEntity.xcdatamodel */;
			path = CoreDataEntity.xcdatamodeld;
			sourceTree = "<group>";
			versionGroupType = wrapper.xcdatamodel;
		};
/* End XCVersionGroup section */
	};
	rootObject = 043EAC2D22E9B0C6004F5594 /* Project object */;
}
